PODS:
  - iOSDFULibrary (1.0.8):
    - Zip (~> 0.3)
  - Zip (0.4.3)

DEPENDENCIES:
  - iOSDFULibrary

SPEC CHECKSUMS:
  iOSDFULibrary: 2610baf49af454a1bdc6cc25088e3b815eb5b5a2
  Zip: 670419a5ba9faaf5f24ed3650c4c38b4136e996b

PODFILE CHECKSUM: 55abe61da3f542fe14cd5f4457540ab3499493d5

COCOAPODS: 1.0.1
