// !$*UTF8*$!
{
	archiveVersion = 1;
	classes = {
	};
	objectVersion = 46;
	objects = {

/* Begin PBXFileReference section */
		F809DE851C69E0AC000062E1 /* test_storage.c */ = {isa = PBXFileReference; lastKnownFileType = sourcecode.c.c; path = test_storage.c; sourceTree = "<group>"; };
		F809DE861C69E0AC000062E1 /* test_storage.h */ = {isa = PBXFileReference; lastKnownFileType = sourcecode.c.h; path = test_storage.h; sourceTree = "<group>"; };
		F8AC9D361C22375900366AEF /* main.c */ = {isa = PBXFileReference; lastKnownFileType = sourcecode.c.c; lineEnding = 2; path = main.c; sourceTree = "<group>"; xcLanguageSpecificationIdentifier = xcode.lang.c; };
		F8AC9D371C22377600366AEF /* senstick_io_definitions.h */ = {isa = PBXFileReference; lastKnownFileType = sourcecode.c.h; path = senstick_io_definitions.h; sourceTree = "<group>"; };
		F8AC9D381C2237DC00366AEF /* senstick_data_models.c */ = {isa = PBXFileReference; lastKnownFileType = sourcecode.c.c; path = senstick_data_models.c; sourceTree = "<group>"; };
		F8AC9D391C2237DC00366AEF /* senstick_data_models.h */ = {isa = PBXFileReference; lastKnownFileType = sourcecode.c.h; path = senstick_data_models.h; sourceTree = "<group>"; };
		F8AC9D3A1C2238A500366AEF /* twi_sensor_manager.c */ = {isa = PBXFileReference; lastKnownFileType = sourcecode.c.c; lineEnding = 0; path = twi_sensor_manager.c; sourceTree = "<group>"; xcLanguageSpecificationIdentifier = xcode.lang.c; };
		F8AC9D3B1C2238A500366AEF /* twi_sensor_manager.h */ = {isa = PBXFileReference; lastKnownFileType = sourcecode.c.h; path = twi_sensor_manager.h; sourceTree = "<group>"; };
		F8AC9D401C2239CB00366AEF /* twi_slave_rtc.c */ = {isa = PBXFileReference; lastKnownFileType = sourcecode.c.c; path = twi_slave_rtc.c; sourceTree = "<group>"; };
		F8AC9D411C2239CB00366AEF /* twi_slave_rtc.h */ = {isa = PBXFileReference; lastKnownFileType = sourcecode.c.h; path = twi_slave_rtc.h; sourceTree = "<group>"; };
		F8AC9D421C223A4A00366AEF /* twi_slave_nine_axes_sensor.c */ = {isa = PBXFileReference; lastKnownFileType = sourcecode.c.c; path = twi_slave_nine_axes_sensor.c; sourceTree = "<group>"; };
		F8AC9D431C223A4A00366AEF /* twi_slave_nine_axes_sensor.h */ = {isa = PBXFileReference; lastKnownFileType = sourcecode.c.h; path = twi_slave_nine_axes_sensor.h; sourceTree = "<group>"; };
		F8AC9D451C223AB200366AEF /* gpio_battery_monitor.c */ = {isa = PBXFileReference; lastKnownFileType = sourcecode.c.c; path = gpio_battery_monitor.c; sourceTree = "<group>"; };
		F8AC9D461C223AB200366AEF /* gpio_battery_monitor.h */ = {isa = PBXFileReference; lastKnownFileType = sourcecode.c.h; path = gpio_battery_monitor.h; sourceTree = "<group>"; };
		F8AC9D471C223AE300366AEF /* gpio_button_monitoring.c */ = {isa = PBXFileReference; lastKnownFileType = sourcecode.c.c; path = gpio_button_monitoring.c; sourceTree = "<group>"; };
		F8AC9D481C223AE300366AEF /* gpio_button_monitoring.h */ = {isa = PBXFileReference; lastKnownFileType = sourcecode.c.h; path = gpio_button_monitoring.h; sourceTree = "<group>"; };
		F8AC9D491C223B0900366AEF /* gpio_led_driver.c */ = {isa = PBXFileReference; lastKnownFileType = sourcecode.c.c; path = gpio_led_driver.c; sourceTree = "<group>"; };
		F8AC9D4A1C223B0900366AEF /* gpio_led_driver.h */ = {isa = PBXFileReference; lastKnownFileType = sourcecode.c.h; path = gpio_led_driver.h; sourceTree = "<group>"; };
		F8AC9D4B1C223B3D00366AEF /* twi_slave_uv_sensor.c */ = {isa = PBXFileReference; lastKnownFileType = sourcecode.c.c; path = twi_slave_uv_sensor.c; sourceTree = "<group>"; };
		F8AC9D4C1C223B3D00366AEF /* twi_slave_uv_sensor.h */ = {isa = PBXFileReference; lastKnownFileType = sourcecode.c.h; path = twi_slave_uv_sensor.h; sourceTree = "<group>"; };
		F8AC9D4D1C223BC600366AEF /* twi_slave_pressure_sensor.c */ = {isa = PBXFileReference; lastKnownFileType = sourcecode.c.c; path = twi_slave_pressure_sensor.c; sourceTree = "<group>"; };
		F8AC9D4E1C223BC600366AEF /* twi_slave_pressure_sensor.h */ = {isa = PBXFileReference; lastKnownFileType = sourcecode.c.h; path = twi_slave_pressure_sensor.h; sourceTree = "<group>"; };
		F8AC9D4F1C223BE600366AEF /* twi_slave_humidity_sensor.c */ = {isa = PBXFileReference; lastKnownFileType = sourcecode.c.c; path = twi_slave_humidity_sensor.c; sourceTree = "<group>"; };
		F8AC9D501C223BE600366AEF /* twi_slave_humidity_sensor.h */ = {isa = PBXFileReference; lastKnownFileType = sourcecode.c.h; path = twi_slave_humidity_sensor.h; sourceTree = "<group>"; };
		F8AC9D511C223BFA00366AEF /* twi_slave_brightness_sensor.c */ = {isa = PBXFileReference; lastKnownFileType = sourcecode.c.c; path = twi_slave_brightness_sensor.c; sourceTree = "<group>"; };
		F8AC9D521C223BFA00366AEF /* twi_slave_brightness_sensor.h */ = {isa = PBXFileReference; lastKnownFileType = sourcecode.c.h; path = twi_slave_brightness_sensor.h; sourceTree = "<group>"; };
		F8AC9D541C223C1E00366AEF /* spi_slave_mx25_flash_memory.c */ = {isa = PBXFileReference; lastKnownFileType = sourcecode.c.c; path = spi_slave_mx25_flash_memory.c; sourceTree = "<group>"; };
		F8AC9D551C223C1E00366AEF /* spi_slave_mx25_flash_memory.h */ = {isa = PBXFileReference; lastKnownFileType = sourcecode.c.h; path = spi_slave_mx25_flash_memory.h; sourceTree = "<group>"; };
		F8AC9D571C223F4900366AEF /* gpio_uart.c */ = {isa = PBXFileReference; lastKnownFileType = sourcecode.c.c; path = gpio_uart.c; sourceTree = "<group>"; };
		F8AC9D581C223F4900366AEF /* gpio_uart.h */ = {isa = PBXFileReference; lastKnownFileType = sourcecode.c.h; path = gpio_uart.h; sourceTree = "<group>"; };
		F8AC9D5C1C223FE700366AEF /* ble_parameters_config.h */ = {isa = PBXFileReference; lastKnownFileType = sourcecode.c.h; path = ble_parameters_config.h; sourceTree = "<group>"; };
		F8AC9D5D1C22408E00366AEF /* senstick_definitions.h */ = {isa = PBXFileReference; lastKnownFileType = sourcecode.c.h; path = senstick_definitions.h; sourceTree = "<group>"; };
		F8AC9D5E1C2240CC00366AEF /* senstick_device_definitions.h */ = {isa = PBXFileReference; lastKnownFileType = sourcecode.c.h; path = senstick_device_definitions.h; sourceTree = "<group>"; };
		F8AC9D661C263F6100366AEF /* components */ = {isa = PBXFileReference; lastKnownFileType = folder; name = components; path = ../tmp/nRF51_SDK_10/components; sourceTree = "<group>"; };
		F8AC9D671C266F2700366AEF /* nrf_drv_config.h */ = {isa = PBXFileReference; lastKnownFileType = sourcecode.c.h; path = nrf_drv_config.h; sourceTree = "<group>"; };
		F8AC9D681C26927100366AEF /* RTE */ = {isa = PBXFileReference; lastKnownFileType = folder; name = RTE; path = project/RTE; sourceTree = "<group>"; };
		F8AC9D691C28472000366AEF /* pstorage_platform.h */ = {isa = PBXFileReference; lastKnownFileType = sourcecode.c.h; path = pstorage_platform.h; sourceTree = "<group>"; };
		F8AC9D6B1C2BD3FC00366AEF /* segger_rtt */ = {isa = PBXFileReference; lastKnownFileType = folder; path = segger_rtt; sourceTree = "<group>"; };
		F8E760C41C3022C400EE9FD3 /* twi_slave_utility.c */ = {isa = PBXFileReference; lastKnownFileType = sourcecode.c.c; path = twi_slave_utility.c; sourceTree = "<group>"; };
		F8E760C51C3022C400EE9FD3 /* twi_slave_utility.h */ = {isa = PBXFileReference; lastKnownFileType = sourcecode.c.h; path = twi_slave_utility.h; sourceTree = "<group>"; };
		F8EB5E681C4BB32900D82482 /* device_manager_cnfg.h */ = {isa = PBXFileReference; lastKnownFileType = sourcecode.c.h; path = device_manager_cnfg.h; sourceTree = "<group>"; };
		F8EB5E691C50D0BF00D82482 /* SEGGER_RTT_Conf.h */ = {isa = PBXFileReference; lastKnownFileType = sourcecode.c.h; path = SEGGER_RTT_Conf.h; sourceTree = "<group>"; };
		F8EB5E6A1C5348A200D82482 /* ble_ti_sensortag_service.c */ = {isa = PBXFileReference; lastKnownFileType = sourcecode.c.c; path = ble_ti_sensortag_service.c; sourceTree = "<group>"; };
		F8EB5E6B1C5348A200D82482 /* ble_ti_sensortag_service.h */ = {isa = PBXFileReference; lastKnownFileType = sourcecode.c.h; path = ble_ti_sensortag_service.h; sourceTree = "<group>"; };
		F8EB5E6C1C5A3D3200D82482 /* ble_logger_service.c */ = {isa = PBXFileReference; lastKnownFileType = sourcecode.c.c; path = ble_logger_service.c; sourceTree = "<group>"; };
		F8EB5E6D1C5A3D3200D82482 /* ble_logger_service.h */ = {isa = PBXFileReference; lastKnownFileType = sourcecode.c.h; path = ble_logger_service.h; sourceTree = "<group>"; };
		F8EB5E6F1C5B051C00D82482 /* gpio_manager.c */ = {isa = PBXFileReference; lastKnownFileType = sourcecode.c.c; path = gpio_manager.c; sourceTree = "<group>"; };
		F8EB5E701C5B051C00D82482 /* gpio_manager.h */ = {isa = PBXFileReference; lastKnownFileType = sourcecode.c.h; path = gpio_manager.h; sourceTree = "<group>"; };
		F8EB5E741C5B775E00D82482 /* senstick_tests.c */ = {isa = PBXFileReference; lastKnownFileType = sourcecode.c.c; path = senstick_tests.c; sourceTree = "<group>"; };
		F8EB5E751C5B775E00D82482 /* senstick_tests.h */ = {isa = PBXFileReference; lastKnownFileType = sourcecode.c.h; path = senstick_tests.h; sourceTree = "<group>"; };
		F8EB5E7D1C62E6A500D82482 /* sensor_data_storage.c */ = {isa = PBXFileReference; lastKnownFileType = sourcecode.c.c; path = sensor_data_storage.c; sourceTree = "<group>"; };
		F8EB5E7E1C62E6A500D82482 /* sensor_data_storage.h */ = {isa = PBXFileReference; lastKnownFileType = sourcecode.c.h; path = sensor_data_storage.h; sourceTree = "<group>"; };
		F8F47E9B1C76AC4B005668FA /* sector_allocator.c */ = {isa = PBXFileReference; lastKnownFileType = sourcecode.c.c; path = sector_allocator.c; sourceTree = "<group>"; };
		F8F47E9C1C76AC4B005668FA /* sector_allocator.h */ = {isa = PBXFileReference; lastKnownFileType = sourcecode.c.h; path = sector_allocator.h; sourceTree = "<group>"; };
/* End PBXFileReference section */

/* Begin PBXGroup section */
		F8AC9D2F1C2236D600366AEF = {
			isa = PBXGroup;
			children = (
				F8AC9D361C22375900366AEF /* main.c */,
				F8EB5E6E1C5A3D7000D82482 /* configrations */,
				F8EB5E721C5B054500D82482 /* definitions */,
				F8EB5E711C5B053C00D82482 /* model */,
				F8AC9D3F1C22396400366AEF /* services */,
				F8AC9D441C223A9500366AEF /* gpio */,
				F8EB5E781C61E8B800D82482 /* logger */,
				F8AC9D531C223C0900366AEF /* spi */,
				F8AC9D3E1C22393B00366AEF /* twi */,
				F8EB5E731C5B774D00D82482 /* tests */,
				F8AC9D6B1C2BD3FC00366AEF /* segger_rtt */,
				F8AC9D681C26927100366AEF /* RTE */,
				F8AC9D661C263F6100366AEF /* components */,
			);
			sourceTree = "<group>";
		};
		F8AC9D3E1C22393B00366AEF /* twi */ = {
			isa = PBXGroup;
			children = (
				F8AC9D3B1C2238A500366AEF /* twi_sensor_manager.h */,
				F8AC9D3A1C2238A500366AEF /* twi_sensor_manager.c */,
				F8E760C51C3022C400EE9FD3 /* twi_slave_utility.h */,
				F8E760C41C3022C400EE9FD3 /* twi_slave_utility.c */,
				F8AC9D431C223A4A00366AEF /* twi_slave_nine_axes_sensor.h */,
				F8AC9D421C223A4A00366AEF /* twi_slave_nine_axes_sensor.c */,
				F8AC9D411C2239CB00366AEF /* twi_slave_rtc.h */,
				F8AC9D401C2239CB00366AEF /* twi_slave_rtc.c */,
				F8AC9D4E1C223BC600366AEF /* twi_slave_pressure_sensor.h */,
				F8AC9D4D1C223BC600366AEF /* twi_slave_pressure_sensor.c */,
				F8AC9D501C223BE600366AEF /* twi_slave_humidity_sensor.h */,
				F8AC9D4F1C223BE600366AEF /* twi_slave_humidity_sensor.c */,
				F8AC9D4C1C223B3D00366AEF /* twi_slave_uv_sensor.h */,
				F8AC9D4B1C223B3D00366AEF /* twi_slave_uv_sensor.c */,
				F8AC9D521C223BFA00366AEF /* twi_slave_brightness_sensor.h */,
				F8AC9D511C223BFA00366AEF /* twi_slave_brightness_sensor.c */,
			);
			name = twi;
			sourceTree = "<group>";
		};
		F8AC9D3F1C22396400366AEF /* services */ = {
			isa = PBXGroup;
			children = (
				F8EB5E6B1C5348A200D82482 /* ble_ti_sensortag_service.h */,
				F8EB5E6A1C5348A200D82482 /* ble_ti_sensortag_service.c */,
				F8EB5E6D1C5A3D3200D82482 /* ble_logger_service.h */,
				F8EB5E6C1C5A3D3200D82482 /* ble_logger_service.c */,
			);
			name = services;
			sourceTree = "<group>";
		};
		F8AC9D441C223A9500366AEF /* gpio */ = {
			isa = PBXGroup;
			children = (
				F8EB5E701C5B051C00D82482 /* gpio_manager.h */,
				F8EB5E6F1C5B051C00D82482 /* gpio_manager.c */,
				F8AC9D461C223AB200366AEF /* gpio_battery_monitor.h */,
				F8AC9D451C223AB200366AEF /* gpio_battery_monitor.c */,
				F8AC9D481C223AE300366AEF /* gpio_button_monitoring.h */,
				F8AC9D471C223AE300366AEF /* gpio_button_monitoring.c */,
				F8AC9D4A1C223B0900366AEF /* gpio_led_driver.h */,
				F8AC9D491C223B0900366AEF /* gpio_led_driver.c */,
				F8AC9D571C223F4900366AEF /* gpio_uart.c */,
				F8AC9D581C223F4900366AEF /* gpio_uart.h */,
			);
			name = gpio;
			sourceTree = "<group>";
		};
		F8AC9D531C223C0900366AEF /* spi */ = {
			isa = PBXGroup;
			children = (
				F8AC9D551C223C1E00366AEF /* spi_slave_mx25_flash_memory.h */,
				F8AC9D541C223C1E00366AEF /* spi_slave_mx25_flash_memory.c */,
			);
			name = spi;
			sourceTree = "<group>";
		};
		F8EB5E6E1C5A3D7000D82482 /* configrations */ = {
			isa = PBXGroup;
			children = (
				F8AC9D671C266F2700366AEF /* nrf_drv_config.h */,
				F8EB5E691C50D0BF00D82482 /* SEGGER_RTT_Conf.h */,
				F8EB5E681C4BB32900D82482 /* device_manager_cnfg.h */,
				F8AC9D691C28472000366AEF /* pstorage_platform.h */,
			);
			name = configrations;
			sourceTree = "<group>";
		};
		F8EB5E711C5B053C00D82482 /* model */ = {
			isa = PBXGroup;
			children = (
				F8AC9D391C2237DC00366AEF /* senstick_data_models.h */,
				F8AC9D381C2237DC00366AEF /* senstick_data_models.c */,
			);
			name = model;
			sourceTree = "<group>";
		};
		F8EB5E721C5B054500D82482 /* definitions */ = {
			isa = PBXGroup;
			children = (
				F8AC9D5C1C223FE700366AEF /* ble_parameters_config.h */,
				F8AC9D5E1C2240CC00366AEF /* senstick_device_definitions.h */,
				F8AC9D5D1C22408E00366AEF /* senstick_definitions.h */,
				F8AC9D371C22377600366AEF /* senstick_io_definitions.h */,
			);
			name = definitions;
			sourceTree = "<group>";
		};
		F8EB5E731C5B774D00D82482 /* tests */ = {
			isa = PBXGroup;
			children = (
				F8EB5E751C5B775E00D82482 /* senstick_tests.h */,
				F8EB5E741C5B775E00D82482 /* senstick_tests.c */,
			);
			name = tests;
			sourceTree = "<group>";
		};
		F8EB5E781C61E8B800D82482 /* logger */ = {
			isa = PBXGroup;
			children = (
				F809DE861C69E0AC000062E1 /* test_storage.h */,
				F809DE851C69E0AC000062E1 /* test_storage.c */,
				F8EB5E7E1C62E6A500D82482 /* sensor_data_storage.h */,
				F8EB5E7D1C62E6A500D82482 /* sensor_data_storage.c */,
				F8F47E9C1C76AC4B005668FA /* sector_allocator.h */,
				F8F47E9B1C76AC4B005668FA /* sector_allocator.c */,
			);
			name = logger;
			sourceTree = "<group>";
		};
/* End PBXGroup section */

/* Begin PBXProject section */
		F8AC9D301C2236D600366AEF /* Project object */ = {
			isa = PBXProject;
			attributes = {
				LastUpgradeCheck = 0720;
			};
			buildConfigurationList = F8AC9D331C2236D600366AEF /* Build configuration list for PBXProject "senstick" */;
			compatibilityVersion = "Xcode 3.2";
			developmentRegion = English;
			hasScannedForEncodings = 0;
			knownRegions = (
				en,
			);
			mainGroup = F8AC9D2F1C2236D600366AEF;
			projectDirPath = "";
			projectRoot = "";
			targets = (
			);
		};
/* End PBXProject section */

/* Begin XCBuildConfiguration section */
		F8AC9D341C2236D600366AEF /* Debug */ = {
			isa = XCBuildConfiguration;
			buildSettings = {
			};
			name = Debug;
		};
		F8AC9D351C2236D600366AEF /* Release */ = {
			isa = XCBuildConfiguration;
			buildSettings = {
			};
			name = Release;
		};
/* End XCBuildConfiguration section */

/* Begin XCConfigurationList section */
		F8AC9D331C2236D600366AEF /* Build configuration list for PBXProject "senstick" */ = {
			isa = XCConfigurationList;
			buildConfigurations = (
				F8AC9D341C2236D600366AEF /* Debug */,
				F8AC9D351C2236D600366AEF /* Release */,
			);
			defaultConfigurationIsVisible = 0;
			defaultConfigurationName = Release;
		};
/* End XCConfigurationList section */
	};
	rootObject = F8AC9D301C2236D600366AEF /* Project object */;
}
