PODS:
  - iOSDFULibrary (3.0.6):
    - Zip (~> 0.6)
  - SenStickSDK (1.0.8):
    - iOSDFULibrary
  - Zip (0.6.0)

DEPENDENCIES:
  - SenStickSDK (from `../`)

EXTERNAL SOURCES:
  SenStickSDK:
    :path: "../"

SPEC CHECKSUMS:
  iOSDFULibrary: e9f7838a54eed84228669c7739d8d7ed98d3da31
  SenStickSDK: e9de69bbff63175b57a8fe37407c50a258d0c40c
  Zip: 805fc2fa9d2f05bbb7762d982d7a42ccdcc51f42

PODFILE CHECKSUM: e404ca0f18314213983a9fe838c4a896b1ff162b

COCOAPODS: 1.2.1.beta.1
