// !$*UTF8*$!
{
	archiveVersion = 1;
	classes = {
	};
	objectVersion = 46;
	objects = {

/* Begin PBXBuildFile section */
		EE841D5DFF3EBAFFCDC24B68 /* Pods_SenStickViewer.framework in Frameworks */ = {isa = PBXBuildFile; fileRef = 3F68868A90BEF2580FD03043 /* Pods_SenStickViewer.framework */; };
		F883C6A11E36DA590010F781 /* senstick_xxaa_s132_release_rev106.zip in Resources */ = {isa = PBXBuildFile; fileRef = F883C6A01E36DA590010F781 /* senstick_xxaa_s132_release_rev106.zip */; };
		F8E398551DAB3D120016F789 /* SenStickSDK.framework in Frameworks */ = {isa = PBXBuildFile; fileRef = F8E398541DAB3D120016F789 /* SenStickSDK.framework */; };
		F8F580CC1D9A5C0700811025 /* images.xcassets in Resources */ = {isa = PBXBuildFile; fileRef = F8F580CB1D9A5C0700811025 /* images.xcassets */; };
		F8F580CF1D9A5C8800811025 /* AccelerationDataModel.swift in Sources */ = {isa = PBXBuildFile; fileRef = F8F580CD1D9A5C8800811025 /* AccelerationDataModel.swift */; };
		F8F580D01D9A5C8800811025 /* AppDelegate.swift in Sources */ = {isa = PBXBuildFile; fileRef = F8F580CE1D9A5C8800811025 /* AppDelegate.swift */; };
		F8F580D71D9A5C9000811025 /* BrightnessDataModel.swift in Sources */ = {isa = PBXBuildFile; fileRef = F8F580D11D9A5C9000811025 /* BrightnessDataModel.swift */; };
		F8F580D81D9A5C9000811025 /* DataGraphView.swift in Sources */ = {isa = PBXBuildFile; fileRef = F8F580D21D9A5C9000811025 /* DataGraphView.swift */; };
		F8F580D91D9A5C9000811025 /* DetailViewController.swift in Sources */ = {isa = PBXBuildFile; fileRef = F8F580D31D9A5C9000811025 /* DetailViewController.swift */; };
		F8F580DA1D9A5C9000811025 /* DeviceInformationViewController.swift in Sources */ = {isa = PBXBuildFile; fileRef = F8F580D41D9A5C9000811025 /* DeviceInformationViewController.swift */; };
		F8F580DB1D9A5C9000811025 /* DeviceListCellView.swift in Sources */ = {isa = PBXBuildFile; fileRef = F8F580D51D9A5C9000811025 /* DeviceListCellView.swift */; };
		F8F580DC1D9A5C9000811025 /* DeviceTableViewController.swift in Sources */ = {isa = PBXBuildFile; fileRef = F8F580D61D9A5C9000811025 /* DeviceTableViewController.swift */; };
		F8F580DF1D9A5C9700811025 /* GyroDataModel.swift in Sources */ = {isa = PBXBuildFile; fileRef = F8F580DD1D9A5C9700811025 /* GyroDataModel.swift */; };
		F8F580E01D9A5C9700811025 /* HumidityDataModel.swift in Sources */ = {isa = PBXBuildFile; fileRef = F8F580DE1D9A5C9700811025 /* HumidityDataModel.swift */; };
		F8F580E51D9A5C9C00811025 /* LogListViewController.swift in Sources */ = {isa = PBXBuildFile; fileRef = F8F580E11D9A5C9C00811025 /* LogListViewController.swift */; };
		F8F580E71D9A5C9C00811025 /* LogReaderViewController.swift in Sources */ = {isa = PBXBuildFile; fileRef = F8F580E31D9A5C9C00811025 /* LogReaderViewController.swift */; };
		F8F580E81D9A5C9C00811025 /* MagneticFieldDataModel.swift in Sources */ = {isa = PBXBuildFile; fileRef = F8F580E41D9A5C9C00811025 /* MagneticFieldDataModel.swift */; };
		F8F580EF1D9A5CA500811025 /* PressureDataModel.swift in Sources */ = {isa = PBXBuildFile; fileRef = F8F580E91D9A5CA500811025 /* PressureDataModel.swift */; };
		F8F580F01D9A5CA500811025 /* SamplingDurationViewController.swift in Sources */ = {isa = PBXBuildFile; fileRef = F8F580EA1D9A5CA500811025 /* SamplingDurationViewController.swift */; };
		F8F580F11D9A5CA500811025 /* SensorDataCellView.swift in Sources */ = {isa = PBXBuildFile; fileRef = F8F580EB1D9A5CA500811025 /* SensorDataCellView.swift */; };
		F8F580F21D9A5CA500811025 /* SensorDataModel.swift in Sources */ = {isa = PBXBuildFile; fileRef = F8F580EC1D9A5CA500811025 /* SensorDataModel.swift */; };
		F8F580F31D9A5CA500811025 /* SensorDataViewController.swift in Sources */ = {isa = PBXBuildFile; fileRef = F8F580ED1D9A5CA500811025 /* SensorDataViewController.swift */; };
		F8F580F41D9A5CA500811025 /* SensorStatusCellView.swift in Sources */ = {isa = PBXBuildFile; fileRef = F8F580EE1D9A5CA500811025 /* SensorStatusCellView.swift */; };
		F8F580F61D9A5CAA00811025 /* UVDataModel.swift in Sources */ = {isa = PBXBuildFile; fileRef = F8F580F51D9A5CAA00811025 /* UVDataModel.swift */; };
		F8F580FA1D9A5CCA00811025 /* firmwareInfo.plist in Resources */ = {isa = PBXBuildFile; fileRef = F8F580F91D9A5CCA00811025 /* firmwareInfo.plist */; };
		F8F580FC1D9A5CD100811025 /* senstick_xxaa_s110_release_rev104.zip in Resources */ = {isa = PBXBuildFile; fileRef = F8F580FB1D9A5CD100811025 /* senstick_xxaa_s110_release_rev104.zip */; };
		F8F581011D9A5D0A00811025 /* LaunchScreen.storyboard in Resources */ = {isa = PBXBuildFile; fileRef = F8F580FD1D9A5D0A00811025 /* LaunchScreen.storyboard */; };
		F8F581021D9A5D0A00811025 /* Main.storyboard in Resources */ = {isa = PBXBuildFile; fileRef = F8F580FF1D9A5D0A00811025 /* Main.storyboard */; };
		F8F581041D9A5D1A00811025 /* Assets.xcassets in Resources */ = {isa = PBXBuildFile; fileRef = F8F581031D9A5D1A00811025 /* Assets.xcassets */; };
/* End PBXBuildFile section */

/* Begin PBXCopyFilesBuildPhase section */
		F8F581DA1D9A669D00811025 /* Embed Frameworks */ = {
			isa = PBXCopyFilesBuildPhase;
			buildActionMask = 2147483647;
			dstPath = "";
			dstSubfolderSpec = 10;
			files = (
			);
			name = "Embed Frameworks";
			runOnlyForDeploymentPostprocessing = 0;
		};
/* End PBXCopyFilesBuildPhase section */

/* Begin PBXFileReference section */
		2AB044364342F02B277E8488 /* Pods-SenStickViewer.debug.xcconfig */ = {isa = PBXFileReference; includeInIndex = 1; lastKnownFileType = text.xcconfig; name = "Pods-SenStickViewer.debug.xcconfig"; path = "../Pods/Target Support Files/Pods-SenStickViewer/Pods-SenStickViewer.debug.xcconfig"; sourceTree = "<group>"; };
		3F68868A90BEF2580FD03043 /* Pods_SenStickViewer.framework */ = {isa = PBXFileReference; explicitFileType = wrapper.framework; includeInIndex = 0; path = Pods_SenStickViewer.framework; sourceTree = BUILT_PRODUCTS_DIR; };
		99C7240E1DB84FBADABED69D /* Pods-SenStickViewer.release.xcconfig */ = {isa = PBXFileReference; includeInIndex = 1; lastKnownFileType = text.xcconfig; name = "Pods-SenStickViewer.release.xcconfig"; path = "../Pods/Target Support Files/Pods-SenStickViewer/Pods-SenStickViewer.release.xcconfig"; sourceTree = "<group>"; };
		F883C6A01E36DA590010F781 /* senstick_xxaa_s132_release_rev106.zip */ = {isa = PBXFileReference; lastKnownFileType = archive.zip; path = senstick_xxaa_s132_release_rev106.zip; sourceTree = "<group>"; };
		F8E398541DAB3D120016F789 /* SenStickSDK.framework */ = {isa = PBXFileReference; lastKnownFileType = wrapper.framework; name = SenStickSDK.framework; path = "../SenStickSDK/build/Debug-iphoneos/SenStickSDK.framework"; sourceTree = "<group>"; };
		F8F580CB1D9A5C0700811025 /* images.xcassets */ = {isa = PBXFileReference; lastKnownFileType = folder.assetcatalog; path = images.xcassets; sourceTree = "<group>"; };
		F8F580CD1D9A5C8800811025 /* AccelerationDataModel.swift */ = {isa = PBXFileReference; fileEncoding = 4; lastKnownFileType = sourcecode.swift; path = AccelerationDataModel.swift; sourceTree = "<group>"; };
		F8F580CE1D9A5C8800811025 /* AppDelegate.swift */ = {isa = PBXFileReference; fileEncoding = 4; lastKnownFileType = sourcecode.swift; path = AppDelegate.swift; sourceTree = "<group>"; };
		F8F580D11D9A5C9000811025 /* BrightnessDataModel.swift */ = {isa = PBXFileReference; fileEncoding = 4; lastKnownFileType = sourcecode.swift; path = BrightnessDataModel.swift; sourceTree = "<group>"; };
		F8F580D21D9A5C9000811025 /* DataGraphView.swift */ = {isa = PBXFileReference; fileEncoding = 4; lastKnownFileType = sourcecode.swift; path = DataGraphView.swift; sourceTree = "<group>"; };
		F8F580D31D9A5C9000811025 /* DetailViewController.swift */ = {isa = PBXFileReference; fileEncoding = 4; lastKnownFileType = sourcecode.swift; path = DetailViewController.swift; sourceTree = "<group>"; };
		F8F580D41D9A5C9000811025 /* DeviceInformationViewController.swift */ = {isa = PBXFileReference; fileEncoding = 4; lastKnownFileType = sourcecode.swift; path = DeviceInformationViewController.swift; sourceTree = "<group>"; };
		F8F580D51D9A5C9000811025 /* DeviceListCellView.swift */ = {isa = PBXFileReference; fileEncoding = 4; lastKnownFileType = sourcecode.swift; path = DeviceListCellView.swift; sourceTree = "<group>"; };
		F8F580D61D9A5C9000811025 /* DeviceTableViewController.swift */ = {isa = PBXFileReference; fileEncoding = 4; lastKnownFileType = sourcecode.swift; path = DeviceTableViewController.swift; sourceTree = "<group>"; };
		F8F580DD1D9A5C9700811025 /* GyroDataModel.swift */ = {isa = PBXFileReference; fileEncoding = 4; lastKnownFileType = sourcecode.swift; path = GyroDataModel.swift; sourceTree = "<group>"; };
		F8F580DE1D9A5C9700811025 /* HumidityDataModel.swift */ = {isa = PBXFileReference; fileEncoding = 4; lastKnownFileType = sourcecode.swift; path = HumidityDataModel.swift; sourceTree = "<group>"; };
		F8F580E11D9A5C9C00811025 /* LogListViewController.swift */ = {isa = PBXFileReference; fileEncoding = 4; lastKnownFileType = sourcecode.swift; path = LogListViewController.swift; sourceTree = "<group>"; };
		F8F580E31D9A5C9C00811025 /* LogReaderViewController.swift */ = {isa = PBXFileReference; fileEncoding = 4; lastKnownFileType = sourcecode.swift; path = LogReaderViewController.swift; sourceTree = "<group>"; };
		F8F580E41D9A5C9C00811025 /* MagneticFieldDataModel.swift */ = {isa = PBXFileReference; fileEncoding = 4; lastKnownFileType = sourcecode.swift; path = MagneticFieldDataModel.swift; sourceTree = "<group>"; };
		F8F580E91D9A5CA500811025 /* PressureDataModel.swift */ = {isa = PBXFileReference; fileEncoding = 4; lastKnownFileType = sourcecode.swift; path = PressureDataModel.swift; sourceTree = "<group>"; };
		F8F580EA1D9A5CA500811025 /* SamplingDurationViewController.swift */ = {isa = PBXFileReference; fileEncoding = 4; lastKnownFileType = sourcecode.swift; path = SamplingDurationViewController.swift; sourceTree = "<group>"; };
		F8F580EB1D9A5CA500811025 /* SensorDataCellView.swift */ = {isa = PBXFileReference; fileEncoding = 4; lastKnownFileType = sourcecode.swift; path = SensorDataCellView.swift; sourceTree = "<group>"; };
		F8F580EC1D9A5CA500811025 /* SensorDataModel.swift */ = {isa = PBXFileReference; fileEncoding = 4; lastKnownFileType = sourcecode.swift; path = SensorDataModel.swift; sourceTree = "<group>"; };
		F8F580ED1D9A5CA500811025 /* SensorDataViewController.swift */ = {isa = PBXFileReference; fileEncoding = 4; lastKnownFileType = sourcecode.swift; path = SensorDataViewController.swift; sourceTree = "<group>"; };
		F8F580EE1D9A5CA500811025 /* SensorStatusCellView.swift */ = {isa = PBXFileReference; fileEncoding = 4; lastKnownFileType = sourcecode.swift; path = SensorStatusCellView.swift; sourceTree = "<group>"; };
		F8F580F51D9A5CAA00811025 /* UVDataModel.swift */ = {isa = PBXFileReference; fileEncoding = 4; lastKnownFileType = sourcecode.swift; path = UVDataModel.swift; sourceTree = "<group>"; };
		F8F580F81D9A5CBC00811025 /* MyPlayground.playground */ = {isa = PBXFileReference; lastKnownFileType = file.playground; path = MyPlayground.playground; sourceTree = "<group>"; };
		F8F580F91D9A5CCA00811025 /* firmwareInfo.plist */ = {isa = PBXFileReference; fileEncoding = 4; lastKnownFileType = text.plist.xml; path = firmwareInfo.plist; sourceTree = "<group>"; };
		F8F580FB1D9A5CD100811025 /* senstick_xxaa_s110_release_rev104.zip */ = {isa = PBXFileReference; lastKnownFileType = archive.zip; path = senstick_xxaa_s110_release_rev104.zip; sourceTree = "<group>"; };
		F8F580FE1D9A5D0A00811025 /* Base */ = {isa = PBXFileReference; lastKnownFileType = file.storyboard; name = Base; path = Base.lproj/LaunchScreen.storyboard; sourceTree = "<group>"; };
		F8F581001D9A5D0A00811025 /* Base */ = {isa = PBXFileReference; lastKnownFileType = file.storyboard; name = Base; path = Base.lproj/Main.storyboard; sourceTree = "<group>"; };
		F8F581031D9A5D1A00811025 /* Assets.xcassets */ = {isa = PBXFileReference; lastKnownFileType = folder.assetcatalog; path = Assets.xcassets; sourceTree = "<group>"; };
		F8F581071D9A5D3C00811025 /* Info.plist */ = {isa = PBXFileReference; fileEncoding = 4; lastKnownFileType = text.plist.xml; path = Info.plist; sourceTree = "<group>"; };
		F8F581501D9A61C800811025 /* DFULibrary.framework */ = {isa = PBXFileReference; lastKnownFileType = wrapper.framework; name = DFULibrary.framework; path = "../../../../../../../Library/Developer/Xcode/DerivedData/SenStickViewer-dunjrvxhkjvcvuawpqcskjcwdmsn/Build/Products/Debug-iphoneos/DFULibrary.framework"; sourceTree = "<group>"; };
		F8F581511D9A61C800811025 /* Zip.framework */ = {isa = PBXFileReference; lastKnownFileType = wrapper.framework; name = Zip.framework; path = "../../../../../../../Library/Developer/Xcode/DerivedData/SenStickViewer-dunjrvxhkjvcvuawpqcskjcwdmsn/Build/Products/Debug-iphoneos/Zip.framework"; sourceTree = "<group>"; };
		F8FE05291D9A110D00222E43 /* SenStickViewer.app */ = {isa = PBXFileReference; explicitFileType = wrapper.application; includeInIndex = 0; path = SenStickViewer.app; sourceTree = BUILT_PRODUCTS_DIR; };
/* End PBXFileReference section */

/* Begin PBXFrameworksBuildPhase section */
		F8FE05261D9A110D00222E43 /* Frameworks */ = {
			isa = PBXFrameworksBuildPhase;
			buildActionMask = 2147483647;
			files = (
				F8E398551DAB3D120016F789 /* SenStickSDK.framework in Frameworks */,
				EE841D5DFF3EBAFFCDC24B68 /* Pods_SenStickViewer.framework in Frameworks */,
			);
			runOnlyForDeploymentPostprocessing = 0;
		};
/* End PBXFrameworksBuildPhase section */

/* Begin PBXGroup section */
		92AD08087B09DC672F702DED /* Pods */ = {
			isa = PBXGroup;
			children = (
				2AB044364342F02B277E8488 /* Pods-SenStickViewer.debug.xcconfig */,
				99C7240E1DB84FBADABED69D /* Pods-SenStickViewer.release.xcconfig */,
			);
			name = Pods;
			sourceTree = "<group>";
		};
		F8F580F71D9A5CAE00811025 /* firmware */ = {
			isa = PBXGroup;
			children = (
				F883C6A01E36DA590010F781 /* senstick_xxaa_s132_release_rev106.zip */,
				F8F580F91D9A5CCA00811025 /* firmwareInfo.plist */,
				F8F580FB1D9A5CD100811025 /* senstick_xxaa_s110_release_rev104.zip */,
			);
			name = firmware;
			sourceTree = "<group>";
		};
		F8F581051D9A5D2400811025 /* cell */ = {
			isa = PBXGroup;
			children = (
				F8F580D21D9A5C9000811025 /* DataGraphView.swift */,
				F8F580EE1D9A5CA500811025 /* SensorStatusCellView.swift */,
				F8F580EB1D9A5CA500811025 /* SensorDataCellView.swift */,
			);
			name = cell;
			sourceTree = "<group>";
		};
		F8F581061D9A5D2E00811025 /* viewmodel */ = {
			isa = PBXGroup;
			children = (
				F8F580EC1D9A5CA500811025 /* SensorDataModel.swift */,
				F8F580CD1D9A5C8800811025 /* AccelerationDataModel.swift */,
				F8F580DD1D9A5C9700811025 /* GyroDataModel.swift */,
				F8F580F51D9A5CAA00811025 /* UVDataModel.swift */,
				F8F580E91D9A5CA500811025 /* PressureDataModel.swift */,
				F8F580E41D9A5C9C00811025 /* MagneticFieldDataModel.swift */,
				F8F580DE1D9A5C9700811025 /* HumidityDataModel.swift */,
				F8F580D11D9A5C9000811025 /* BrightnessDataModel.swift */,
			);
			name = viewmodel;
			sourceTree = "<group>";
		};
		F8F5814F1D9A61C700811025 /* Frameworks */ = {
			isa = PBXGroup;
			children = (
				F8E398541DAB3D120016F789 /* SenStickSDK.framework */,
				F8F581501D9A61C800811025 /* DFULibrary.framework */,
				F8F581511D9A61C800811025 /* Zip.framework */,
				3F68868A90BEF2580FD03043 /* Pods_SenStickViewer.framework */,
			);
			name = Frameworks;
			sourceTree = "<group>";
		};
		F8FE05201D9A110D00222E43 = {
			isa = PBXGroup;
			children = (
				F8F580CB1D9A5C0700811025 /* images.xcassets */,
				F8FE052B1D9A110D00222E43 /* SenStickViewer */,
				F8FE052A1D9A110D00222E43 /* Products */,
				F8F5814F1D9A61C700811025 /* Frameworks */,
				92AD08087B09DC672F702DED /* Pods */,
			);
			sourceTree = "<group>";
		};
		F8FE052A1D9A110D00222E43 /* Products */ = {
			isa = PBXGroup;
			children = (
				F8FE05291D9A110D00222E43 /* SenStickViewer.app */,
			);
			name = Products;
			sourceTree = "<group>";
		};
		F8FE052B1D9A110D00222E43 /* SenStickViewer */ = {
			isa = PBXGroup;
			children = (
				F8F580D61D9A5C9000811025 /* DeviceTableViewController.swift */,
				F8F580D51D9A5C9000811025 /* DeviceListCellView.swift */,
				F8F580ED1D9A5CA500811025 /* SensorDataViewController.swift */,
				F8F580EA1D9A5CA500811025 /* SamplingDurationViewController.swift */,
				F8F580D31D9A5C9000811025 /* DetailViewController.swift */,
				F8F580E11D9A5C9C00811025 /* LogListViewController.swift */,
				F8F580E31D9A5C9C00811025 /* LogReaderViewController.swift */,
				F8F580D41D9A5C9000811025 /* DeviceInformationViewController.swift */,
				F8F581061D9A5D2E00811025 /* viewmodel */,
				F8F581051D9A5D2400811025 /* cell */,
				F8F581031D9A5D1A00811025 /* Assets.xcassets */,
				F8F580FD1D9A5D0A00811025 /* LaunchScreen.storyboard */,
				F8F580FF1D9A5D0A00811025 /* Main.storyboard */,
				F8F580F81D9A5CBC00811025 /* MyPlayground.playground */,
				F8F580F71D9A5CAE00811025 /* firmware */,
				F8F580CE1D9A5C8800811025 /* AppDelegate.swift */,
				F8F581071D9A5D3C00811025 /* Info.plist */,
			);
			path = SenStickViewer;
			sourceTree = "<group>";
		};
/* End PBXGroup section */

/* Begin PBXNativeTarget section */
		F8FE05281D9A110D00222E43 /* SenStickViewer */ = {
			isa = PBXNativeTarget;
			buildConfigurationList = F8FE053B1D9A110D00222E43 /* Build configuration list for PBXNativeTarget "SenStickViewer" */;
			buildPhases = (
				6E81551ACA31B80FA6FB007B /* [CP] Check Pods Manifest.lock */,
				F8FE05251D9A110D00222E43 /* Sources */,
				F8FE05261D9A110D00222E43 /* Frameworks */,
				F8FE05271D9A110D00222E43 /* Resources */,
				F8F581DA1D9A669D00811025 /* Embed Frameworks */,
				04FFEB7C40B31A8804F555DA /* [CP] Embed Pods Frameworks */,
				0D0FFED9DAF711B7AFC5162C /* [CP] Copy Pods Resources */,
			);
			buildRules = (
			);
			dependencies = (
			);
			name = SenStickViewer;
			productName = SenStickViewer;
			productReference = F8FE05291D9A110D00222E43 /* SenStickViewer.app */;
			productType = "com.apple.product-type.application";
		};
/* End PBXNativeTarget section */

/* Begin PBXProject section */
		F8FE05211D9A110D00222E43 /* Project object */ = {
			isa = PBXProject;
			attributes = {
				LastSwiftUpdateCheck = 0800;
				LastUpgradeCheck = 0810;
				ORGANIZATIONNAME = AkihiroUehara;
				TargetAttributes = {
					F8FE05281D9A110D00222E43 = {
						CreatedOnToolsVersion = 8.0;
						DevelopmentTeam = 3RPD2RKGX8;
						LastSwiftMigration = 0800;
						ProvisioningStyle = Automatic;
					};
				};
			};
			buildConfigurationList = F8FE05241D9A110D00222E43 /* Build configuration list for PBXProject "SenStickViewer" */;
			compatibilityVersion = "Xcode 3.2";
			developmentRegion = English;
			hasScannedForEncodings = 0;
			knownRegions = (
				en,
				Base,
			);
			mainGroup = F8FE05201D9A110D00222E43;
			productRefGroup = F8FE052A1D9A110D00222E43 /* Products */;
			projectDirPath = "";
			projectRoot = "";
			targets = (
				F8FE05281D9A110D00222E43 /* SenStickViewer */,
			);
		};
/* End PBXProject section */

/* Begin PBXResourcesBuildPhase section */
		F8FE05271D9A110D00222E43 /* Resources */ = {
			isa = PBXResourcesBuildPhase;
			buildActionMask = 2147483647;
			files = (
				F8F580FC1D9A5CD100811025 /* senstick_xxaa_s110_release_rev104.zip in Resources */,
				F8F581021D9A5D0A00811025 /* Main.storyboard in Resources */,
				F8F581011D9A5D0A00811025 /* LaunchScreen.storyboard in Resources */,
				F8F580CC1D9A5C0700811025 /* images.xcassets in Resources */,
				F8F581041D9A5D1A00811025 /* Assets.xcassets in Resources */,
				F8F580FA1D9A5CCA00811025 /* firmwareInfo.plist in Resources */,
				F883C6A11E36DA590010F781 /* senstick_xxaa_s132_release_rev106.zip in Resources */,
			);
			runOnlyForDeploymentPostprocessing = 0;
		};
/* End PBXResourcesBuildPhase section */

/* Begin PBXShellScriptBuildPhase section */
		04FFEB7C40B31A8804F555DA /* [CP] Embed Pods Frameworks */ = {
			isa = PBXShellScriptBuildPhase;
			buildActionMask = 2147483647;
			files = (
			);
			inputPaths = (
			);
			name = "[CP] Embed Pods Frameworks";
			outputPaths = (
			);
			runOnlyForDeploymentPostprocessing = 0;
			shellPath = /bin/sh;
			shellScript = "\"${SRCROOT}/../Pods/Target Support Files/Pods-SenStickViewer/Pods-SenStickViewer-frameworks.sh\"\n";
			showEnvVarsInLog = 0;
		};
		0D0FFED9DAF711B7AFC5162C /* [CP] Copy Pods Resources */ = {
			isa = PBXShellScriptBuildPhase;
			buildActionMask = 2147483647;
			files = (
			);
			inputPaths = (
			);
			name = "[CP] Copy Pods Resources";
			outputPaths = (
			);
			runOnlyForDeploymentPostprocessing = 0;
			shellPath = /bin/sh;
			shellScript = "\"${SRCROOT}/../Pods/Target Support Files/Pods-SenStickViewer/Pods-SenStickViewer-resources.sh\"\n";
			showEnvVarsInLog = 0;
		};
		6E81551ACA31B80FA6FB007B /* [CP] Check Pods Manifest.lock */ = {
			isa = PBXShellScriptBuildPhase;
			buildActionMask = 2147483647;
			files = (
			);
			inputPaths = (
			);
			name = "[CP] Check Pods Manifest.lock";
			outputPaths = (
			);
			runOnlyForDeploymentPostprocessing = 0;
			shellPath = /bin/sh;
			shellScript = "diff \"${PODS_ROOT}/../Podfile.lock\" \"${PODS_ROOT}/Manifest.lock\" > /dev/null\nif [ $? != 0 ] ; then\n    # print error to STDERR\n    echo \"error: The sandbox is not in sync with the Podfile.lock. Run 'pod install' or update your CocoaPods installation.\" >&2\n    exit 1\nfi\n";
			showEnvVarsInLog = 0;
		};
/* End PBXShellScriptBuildPhase section */

/* Begin PBXSourcesBuildPhase section */
		F8FE05251D9A110D00222E43 /* Sources */ = {
			isa = PBXSourcesBuildPhase;
			buildActionMask = 2147483647;
			files = (
				F8F580E81D9A5C9C00811025 /* MagneticFieldDataModel.swift in Sources */,
				F8F580F11D9A5CA500811025 /* SensorDataCellView.swift in Sources */,
				F8F580E01D9A5C9700811025 /* HumidityDataModel.swift in Sources */,
				F8F580F21D9A5CA500811025 /* SensorDataModel.swift in Sources */,
				F8F580E51D9A5C9C00811025 /* LogListViewController.swift in Sources */,
				F8F580F61D9A5CAA00811025 /* UVDataModel.swift in Sources */,
				F8F580D71D9A5C9000811025 /* BrightnessDataModel.swift in Sources */,
				F8F580DC1D9A5C9000811025 /* DeviceTableViewController.swift in Sources */,
				F8F580DA1D9A5C9000811025 /* DeviceInformationViewController.swift in Sources */,
				F8F580DB1D9A5C9000811025 /* DeviceListCellView.swift in Sources */,
				F8F580D81D9A5C9000811025 /* DataGraphView.swift in Sources */,
				F8F580D91D9A5C9000811025 /* DetailViewController.swift in Sources */,
				F8F580D01D9A5C8800811025 /* AppDelegate.swift in Sources */,
				F8F580DF1D9A5C9700811025 /* GyroDataModel.swift in Sources */,
				F8F580E71D9A5C9C00811025 /* LogReaderViewController.swift in Sources */,
				F8F580F41D9A5CA500811025 /* SensorStatusCellView.swift in Sources */,
				F8F580EF1D9A5CA500811025 /* PressureDataModel.swift in Sources */,
				F8F580F31D9A5CA500811025 /* SensorDataViewController.swift in Sources */,
				F8F580CF1D9A5C8800811025 /* AccelerationDataModel.swift in Sources */,
				F8F580F01D9A5CA500811025 /* SamplingDurationViewController.swift in Sources */,
			);
			runOnlyForDeploymentPostprocessing = 0;
		};
/* End PBXSourcesBuildPhase section */

/* Begin PBXVariantGroup section */
		F8F580FD1D9A5D0A00811025 /* LaunchScreen.storyboard */ = {
			isa = PBXVariantGroup;
			children = (
				F8F580FE1D9A5D0A00811025 /* Base */,
			);
			name = LaunchScreen.storyboard;
			sourceTree = "<group>";
		};
		F8F580FF1D9A5D0A00811025 /* Main.storyboard */ = {
			isa = PBXVariantGroup;
			children = (
				F8F581001D9A5D0A00811025 /* Base */,
			);
			name = Main.storyboard;
			sourceTree = "<group>";
		};
/* End PBXVariantGroup section */

/* Begin XCBuildConfiguration section */
		F8FE05391D9A110D00222E43 /* Debug */ = {
			isa = XCBuildConfiguration;
			buildSettings = {
				ALWAYS_SEARCH_USER_PATHS = NO;
				CLANG_ANALYZER_NONNULL = YES;
				CLANG_CXX_LANGUAGE_STANDARD = "gnu++0x";
				CLANG_CXX_LIBRARY = "libc++";
				CLANG_ENABLE_MODULES = YES;
				CLANG_ENABLE_OBJC_ARC = YES;
				CLANG_WARN_BOOL_CONVERSION = YES;
				CLANG_WARN_CONSTANT_CONVERSION = YES;
				CLANG_WARN_DIRECT_OBJC_ISA_USAGE = YES_ERROR;
				CLANG_WARN_DOCUMENTATION_COMMENTS = YES;
				CLANG_WARN_EMPTY_BODY = YES;
				CLANG_WARN_ENUM_CONVERSION = YES;
				CLANG_WARN_INFINITE_RECURSION = YES;
				CLANG_WARN_INT_CONVERSION = YES;
				CLANG_WARN_OBJC_ROOT_CLASS = YES_ERROR;
				CLANG_WARN_SUSPICIOUS_MOVE = YES;
				CLANG_WARN_SUSPICIOUS_MOVES = YES;
				CLANG_WARN_UNREACHABLE_CODE = YES;
				CLANG_WARN__DUPLICATE_METHOD_MATCH = YES;
				"CODE_SIGN_IDENTITY[sdk=iphoneos*]" = "iPhone Developer";
				COPY_PHASE_STRIP = NO;
				DEBUG_INFORMATION_FORMAT = dwarf;
				ENABLE_STRICT_OBJC_MSGSEND = YES;
				ENABLE_TESTABILITY = YES;
				GCC_C_LANGUAGE_STANDARD = gnu99;
				GCC_DYNAMIC_NO_PIC = NO;
				GCC_NO_COMMON_BLOCKS = YES;
				GCC_OPTIMIZATION_LEVEL = 0;
				GCC_PREPROCESSOR_DEFINITIONS = (
					"DEBUG=1",
					"$(inherited)",
				);
				GCC_WARN_64_TO_32_BIT_CONVERSION = YES;
				GCC_WARN_ABOUT_RETURN_TYPE = YES_ERROR;
				GCC_WARN_UNDECLARED_SELECTOR = YES;
				GCC_WARN_UNINITIALIZED_AUTOS = YES_AGGRESSIVE;
				GCC_WARN_UNUSED_FUNCTION = YES;
				GCC_WARN_UNUSED_VARIABLE = YES;
				IPHONEOS_DEPLOYMENT_TARGET = 10.0;
				MTL_ENABLE_DEBUG_INFO = YES;
				ONLY_ACTIVE_ARCH = YES;
				SDKROOT = iphoneos;
				SWIFT_ACTIVE_COMPILATION_CONDITIONS = DEBUG;
				SWIFT_OPTIMIZATION_LEVEL = "-Onone";
				TARGETED_DEVICE_FAMILY = "1,2";
			};
			name = Debug;
		};
		F8FE053A1D9A110D00222E43 /* Release */ = {
			isa = XCBuildConfiguration;
			buildSettings = {
				ALWAYS_SEARCH_USER_PATHS = NO;
				CLANG_ANALYZER_NONNULL = YES;
				CLANG_CXX_LANGUAGE_STANDARD = "gnu++0x";
				CLANG_CXX_LIBRARY = "libc++";
				CLANG_ENABLE_MODULES = YES;
				CLANG_ENABLE_OBJC_ARC = YES;
				CLANG_WARN_BOOL_CONVERSION = YES;
				CLANG_WARN_CONSTANT_CONVERSION = YES;
				CLANG_WARN_DIRECT_OBJC_ISA_USAGE = YES_ERROR;
				CLANG_WARN_DOCUMENTATION_COMMENTS = YES;
				CLANG_WARN_EMPTY_BODY = YES;
				CLANG_WARN_ENUM_CONVERSION = YES;
				CLANG_WARN_INFINITE_RECURSION = YES;
				CLANG_WARN_INT_CONVERSION = YES;
				CLANG_WARN_OBJC_ROOT_CLASS = YES_ERROR;
				CLANG_WARN_SUSPICIOUS_MOVE = YES;
				CLANG_WARN_SUSPICIOUS_MOVES = YES;
				CLANG_WARN_UNREACHABLE_CODE = YES;
				CLANG_WARN__DUPLICATE_METHOD_MATCH = YES;
				"CODE_SIGN_IDENTITY[sdk=iphoneos*]" = "iPhone Developer";
				COPY_PHASE_STRIP = NO;
				DEBUG_INFORMATION_FORMAT = "dwarf-with-dsym";
				ENABLE_NS_ASSERTIONS = NO;
				ENABLE_STRICT_OBJC_MSGSEND = YES;
				GCC_C_LANGUAGE_STANDARD = gnu99;
				GCC_NO_COMMON_BLOCKS = YES;
				GCC_WARN_64_TO_32_BIT_CONVERSION = YES;
				GCC_WARN_ABOUT_RETURN_TYPE = YES_ERROR;
				GCC_WARN_UNDECLARED_SELECTOR = YES;
				GCC_WARN_UNINITIALIZED_AUTOS = YES_AGGRESSIVE;
				GCC_WARN_UNUSED_FUNCTION = YES;
				GCC_WARN_UNUSED_VARIABLE = YES;
				IPHONEOS_DEPLOYMENT_TARGET = 10.0;
				MTL_ENABLE_DEBUG_INFO = NO;
				SDKROOT = iphoneos;
				SWIFT_OPTIMIZATION_LEVEL = "-Owholemodule";
				TARGETED_DEVICE_FAMILY = "1,2";
				VALIDATE_PRODUCT = YES;
			};
			name = Release;
		};
		F8FE053C1D9A110D00222E43 /* Debug */ = {
			isa = XCBuildConfiguration;
			baseConfigurationReference = 2AB044364342F02B277E8488 /* Pods-SenStickViewer.debug.xcconfig */;
			buildSettings = {
				ALWAYS_EMBED_SWIFT_STANDARD_LIBRARIES = "$(inherited)";
				ASSETCATALOG_COMPILER_APPICON_NAME = AppIcon;
				CLANG_ENABLE_MODULES = YES;
				DEVELOPMENT_TEAM = 3RPD2RKGX8;
				INFOPLIST_FILE = SenStickViewer/Info.plist;
				IPHONEOS_DEPLOYMENT_TARGET = 10.0;
				LD_RUNPATH_SEARCH_PATHS = "$(inherited) @executable_path/Frameworks";
				PRODUCT_BUNDLE_IDENTIFIER = com.wafuu.SenStickViewer;
				PRODUCT_NAME = "$(TARGET_NAME)";
				SWIFT_OPTIMIZATION_LEVEL = "-Onone";
				SWIFT_VERSION = 3.0;
				TARGETED_DEVICE_FAMILY = 1;
			};
			name = Debug;
		};
		F8FE053D1D9A110D00222E43 /* Release */ = {
			isa = XCBuildConfiguration;
			baseConfigurationReference = 99C7240E1DB84FBADABED69D /* Pods-SenStickViewer.release.xcconfig */;
			buildSettings = {
				ALWAYS_EMBED_SWIFT_STANDARD_LIBRARIES = "$(inherited)";
				ASSETCATALOG_COMPILER_APPICON_NAME = AppIcon;
				CLANG_ENABLE_MODULES = YES;
				DEVELOPMENT_TEAM = 3RPD2RKGX8;
				INFOPLIST_FILE = SenStickViewer/Info.plist;
				IPHONEOS_DEPLOYMENT_TARGET = 10.0;
				LD_RUNPATH_SEARCH_PATHS = "$(inherited) @executable_path/Frameworks";
				PRODUCT_BUNDLE_IDENTIFIER = com.wafuu.SenStickViewer;
				PRODUCT_NAME = "$(TARGET_NAME)";
				SWIFT_VERSION = 3.0;
				TARGETED_DEVICE_FAMILY = 1;
			};
			name = Release;
		};
/* End XCBuildConfiguration section */

/* Begin XCConfigurationList section */
		F8FE05241D9A110D00222E43 /* Build configuration list for PBXProject "SenStickViewer" */ = {
			isa = XCConfigurationList;
			buildConfigurations = (
				F8FE05391D9A110D00222E43 /* Debug */,
				F8FE053A1D9A110D00222E43 /* Release */,
			);
			defaultConfigurationIsVisible = 0;
			defaultConfigurationName = Release;
		};
		F8FE053B1D9A110D00222E43 /* Build configuration list for PBXNativeTarget "SenStickViewer" */ = {
			isa = XCConfigurationList;
			buildConfigurations = (
				F8FE053C1D9A110D00222E43 /* Debug */,
				F8FE053D1D9A110D00222E43 /* Release */,
			);
			defaultConfigurationIsVisible = 0;
			defaultConfigurationName = Release;
		};
/* End XCConfigurationList section */
	};
	rootObject = F8FE05211D9A110D00222E43 /* Project object */;
}
