// !$*UTF8*$!
{
	archiveVersion = 1;
	classes = {
	};
	objectVersion = 46;
	objects = {

/* Begin PBXBuildFile section */
		F813B2621D0E89CD00EC9EC0 /* firmwareInfo.plist in Resources */ = {isa = PBXBuildFile; fileRef = F813B2611D0E89CD00EC9EC0 /* firmwareInfo.plist */; };
		F81AAA731D1FC55E00BF7E85 /* LogReaderViewController.swift in Sources */ = {isa = PBXBuildFile; fileRef = F81AAA721D1FC55E00BF7E85 /* LogReaderViewController.swift */; };
		F81AC9AF1CF11C5300706391 /* SensorDataViewController.swift in Sources */ = {isa = PBXBuildFile; fileRef = F81AC9AE1CF11C5300706391 /* SensorDataViewController.swift */; };
		F83941B01CF11DE6008F2A52 /* SensorStatusCellView.swift in Sources */ = {isa = PBXBuildFile; fileRef = F83941AF1CF11DE6008F2A52 /* SensorStatusCellView.swift */; };
		F859514A1D6D2EAA000E623D /* SenStickSDK.framework in Embed Frameworks */ = {isa = PBXBuildFile; fileRef = F813B25B1D0E86E400EC9EC0 /* SenStickSDK.framework */; settings = {ATTRIBUTES = (CodeSignOnCopy, RemoveHeadersOnCopy, ); }; };
		F86322911C979B03001B53A0 /* AppDelegate.swift in Sources */ = {isa = PBXBuildFile; fileRef = F86322901C979B03001B53A0 /* AppDelegate.swift */; };
		F86322981C979B03001B53A0 /* Main.storyboard in Resources */ = {isa = PBXBuildFile; fileRef = F86322961C979B03001B53A0 /* Main.storyboard */; };
		F863229A1C979B03001B53A0 /* Assets.xcassets in Resources */ = {isa = PBXBuildFile; fileRef = F86322991C979B03001B53A0 /* Assets.xcassets */; };
		F863229D1C979B03001B53A0 /* LaunchScreen.storyboard in Resources */ = {isa = PBXBuildFile; fileRef = F863229B1C979B03001B53A0 /* LaunchScreen.storyboard */; };
		F86322C41C979B92001B53A0 /* images.xcassets in Resources */ = {isa = PBXBuildFile; fileRef = F86322C31C979B92001B53A0 /* images.xcassets */; };
		F86EAD211D1EC385007CB071 /* SensorDataModel.swift in Sources */ = {isa = PBXBuildFile; fileRef = F86EAD201D1EC385007CB071 /* SensorDataModel.swift */; };
		F86EAD2A1D1FA633007CB071 /* LogListViewController.swift in Sources */ = {isa = PBXBuildFile; fileRef = F86EAD291D1FA633007CB071 /* LogListViewController.swift */; };
		F87098A61D0D1D06007A56CA /* DeviceInformationViewController.swift in Sources */ = {isa = PBXBuildFile; fileRef = F87098A51D0D1D06007A56CA /* DeviceInformationViewController.swift */; };
		F87BED681CF1D40900832E08 /* DetailViewController.swift in Sources */ = {isa = PBXBuildFile; fileRef = F87BED671CF1D40900832E08 /* DetailViewController.swift */; };
		F888FFB81D0E852A00A99202 /* SenStickSDK.framework in Frameworks */ = {isa = PBXBuildFile; fileRef = F888FFB71D0E852A00A99202 /* SenStickSDK.framework */; };
		F8B9F0B51CF86C6700F16969 /* SamplingDurationViewController.swift in Sources */ = {isa = PBXBuildFile; fileRef = F8B9F0B41CF86C6700F16969 /* SamplingDurationViewController.swift */; };
		F8BD11721CF4435500BA8F3B /* SensorDataCellView.swift in Sources */ = {isa = PBXBuildFile; fileRef = F8BD11711CF4435500BA8F3B /* SensorDataCellView.swift */; };
		F8BD11751CF47AA300BA8F3B /* AccelerationDataModel.swift in Sources */ = {isa = PBXBuildFile; fileRef = F8BD11741CF47AA300BA8F3B /* AccelerationDataModel.swift */; };
		F8BD11771CF4820200BA8F3B /* DataGraphView.swift in Sources */ = {isa = PBXBuildFile; fileRef = F8BD11761CF4820200BA8F3B /* DataGraphView.swift */; };
		F8BD11791CF5996800BA8F3B /* GyroDataModel.swift in Sources */ = {isa = PBXBuildFile; fileRef = F8BD11781CF5996800BA8F3B /* GyroDataModel.swift */; };
		F8BD117B1CF59C4300BA8F3B /* MagneticFieldDataModel.swift in Sources */ = {isa = PBXBuildFile; fileRef = F8BD117A1CF59C4300BA8F3B /* MagneticFieldDataModel.swift */; };
		F8BD117D1CF59EB900BA8F3B /* BrightnessDataModel.swift in Sources */ = {isa = PBXBuildFile; fileRef = F8BD117C1CF59EB900BA8F3B /* BrightnessDataModel.swift */; };
		F8C3F7461CF5A09600B807B5 /* UVDataModel.swift in Sources */ = {isa = PBXBuildFile; fileRef = F8C3F7451CF5A09600B807B5 /* UVDataModel.swift */; };
		F8C3F7481CF5C02A00B807B5 /* HumidityDataModel.swift in Sources */ = {isa = PBXBuildFile; fileRef = F8C3F7471CF5C02A00B807B5 /* HumidityDataModel.swift */; };
		F8C3F74A1CF5C23600B807B5 /* PressureDataModel.swift in Sources */ = {isa = PBXBuildFile; fileRef = F8C3F7491CF5C23600B807B5 /* PressureDataModel.swift */; };
		F8E56D271D7AA11D0089164E /* senstick_xxaa_s110_release_rev104.zip in Resources */ = {isa = PBXBuildFile; fileRef = F8E56D261D7AA11D0089164E /* senstick_xxaa_s110_release_rev104.zip */; };
		F8FCC92E1CCF6195003BCC5A /* DeviceListCellView.swift in Sources */ = {isa = PBXBuildFile; fileRef = F8FCC92D1CCF6195003BCC5A /* DeviceListCellView.swift */; };
		F8FCC9301CCF61CD003BCC5A /* DeviceTableViewController.swift in Sources */ = {isa = PBXBuildFile; fileRef = F8FCC92F1CCF61CD003BCC5A /* DeviceTableViewController.swift */; };
/* End PBXBuildFile section */

/* Begin PBXContainerItemProxy section */
		F813B25A1D0E86E400EC9EC0 /* PBXContainerItemProxy */ = {
			isa = PBXContainerItemProxy;
			containerPortal = F813B2561D0E86E400EC9EC0 /* SenStickSDK.xcodeproj */;
			proxyType = 2;
			remoteGlobalIDString = F86322AE1C979B20001B53A0;
			remoteInfo = SenStickSDK;
		};
		F813B25C1D0E86EF00EC9EC0 /* PBXContainerItemProxy */ = {
			isa = PBXContainerItemProxy;
			containerPortal = F813B2561D0E86E400EC9EC0 /* SenStickSDK.xcodeproj */;
			proxyType = 1;
			remoteGlobalIDString = F86322AD1C979B20001B53A0;
			remoteInfo = SenStickSDK;
		};
/* End PBXContainerItemProxy section */

/* Begin PBXCopyFilesBuildPhase section */
		F8C17E201CCF271A00030B99 /* Embed Frameworks */ = {
			isa = PBXCopyFilesBuildPhase;
			buildActionMask = 12;
			dstPath = "";
			dstSubfolderSpec = 10;
			files = (
				F859514A1D6D2EAA000E623D /* SenStickSDK.framework in Embed Frameworks */,
			);
			name = "Embed Frameworks";
			runOnlyForDeploymentPostprocessing = 0;
		};
/* End PBXCopyFilesBuildPhase section */

/* Begin PBXFileReference section */
		F813B2561D0E86E400EC9EC0 /* SenStickSDK.xcodeproj */ = {isa = PBXFileReference; lastKnownFileType = "wrapper.pb-project"; name = SenStickSDK.xcodeproj; path = ../SenStickSDK/SenStickSDK.xcodeproj; sourceTree = "<group>"; };
		F813B2611D0E89CD00EC9EC0 /* firmwareInfo.plist */ = {isa = PBXFileReference; fileEncoding = 4; lastKnownFileType = text.plist.xml; path = firmwareInfo.plist; sourceTree = "<group>"; };
		F81AAA721D1FC55E00BF7E85 /* LogReaderViewController.swift */ = {isa = PBXFileReference; fileEncoding = 4; lastKnownFileType = sourcecode.swift; path = LogReaderViewController.swift; sourceTree = "<group>"; };
		F81AC9AE1CF11C5300706391 /* SensorDataViewController.swift */ = {isa = PBXFileReference; fileEncoding = 4; lastKnownFileType = sourcecode.swift; path = SensorDataViewController.swift; sourceTree = "<group>"; };
		F83941AF1CF11DE6008F2A52 /* SensorStatusCellView.swift */ = {isa = PBXFileReference; fileEncoding = 4; lastKnownFileType = sourcecode.swift; path = SensorStatusCellView.swift; sourceTree = "<group>"; };
		F863228D1C979B03001B53A0 /* SenStickViewer.app */ = {isa = PBXFileReference; explicitFileType = wrapper.application; includeInIndex = 0; path = SenStickViewer.app; sourceTree = BUILT_PRODUCTS_DIR; };
		F86322901C979B03001B53A0 /* AppDelegate.swift */ = {isa = PBXFileReference; lastKnownFileType = sourcecode.swift; path = AppDelegate.swift; sourceTree = "<group>"; };
		F86322971C979B03001B53A0 /* Base */ = {isa = PBXFileReference; lastKnownFileType = file.storyboard; name = Base; path = Base.lproj/Main.storyboard; sourceTree = "<group>"; };
		F86322991C979B03001B53A0 /* Assets.xcassets */ = {isa = PBXFileReference; lastKnownFileType = folder.assetcatalog; path = Assets.xcassets; sourceTree = "<group>"; };
		F863229C1C979B03001B53A0 /* Base */ = {isa = PBXFileReference; lastKnownFileType = file.storyboard; name = Base; path = Base.lproj/LaunchScreen.storyboard; sourceTree = "<group>"; };
		F863229E1C979B03001B53A0 /* Info.plist */ = {isa = PBXFileReference; lastKnownFileType = text.plist.xml; path = Info.plist; sourceTree = "<group>"; };
		F86322C31C979B92001B53A0 /* images.xcassets */ = {isa = PBXFileReference; lastKnownFileType = folder.assetcatalog; path = images.xcassets; sourceTree = "<group>"; };
		F86EAD201D1EC385007CB071 /* SensorDataModel.swift */ = {isa = PBXFileReference; fileEncoding = 4; lastKnownFileType = sourcecode.swift; path = SensorDataModel.swift; sourceTree = "<group>"; };
		F86EAD291D1FA633007CB071 /* LogListViewController.swift */ = {isa = PBXFileReference; fileEncoding = 4; lastKnownFileType = sourcecode.swift; path = LogListViewController.swift; sourceTree = "<group>"; };
		F87098A51D0D1D06007A56CA /* DeviceInformationViewController.swift */ = {isa = PBXFileReference; fileEncoding = 4; lastKnownFileType = sourcecode.swift; path = DeviceInformationViewController.swift; sourceTree = "<group>"; };
		F87BED671CF1D40900832E08 /* DetailViewController.swift */ = {isa = PBXFileReference; fileEncoding = 4; lastKnownFileType = sourcecode.swift; path = DetailViewController.swift; sourceTree = "<group>"; };
		F87D4C711D78271C00E33DA4 /* MyPlayground.playground */ = {isa = PBXFileReference; lastKnownFileType = file.playground; path = MyPlayground.playground; sourceTree = "<group>"; };
		F888FFB71D0E852A00A99202 /* SenStickSDK.framework */ = {isa = PBXFileReference; lastKnownFileType = wrapper.framework; name = SenStickSDK.framework; path = "../SenStickSDK/build/Debug-iphoneos/SenStickSDK.framework"; sourceTree = "<group>"; };
		F8B9F0B41CF86C6700F16969 /* SamplingDurationViewController.swift */ = {isa = PBXFileReference; fileEncoding = 4; lastKnownFileType = sourcecode.swift; path = SamplingDurationViewController.swift; sourceTree = "<group>"; };
		F8BD11711CF4435500BA8F3B /* SensorDataCellView.swift */ = {isa = PBXFileReference; fileEncoding = 4; lastKnownFileType = sourcecode.swift; path = SensorDataCellView.swift; sourceTree = "<group>"; };
		F8BD11741CF47AA300BA8F3B /* AccelerationDataModel.swift */ = {isa = PBXFileReference; fileEncoding = 4; lastKnownFileType = sourcecode.swift; path = AccelerationDataModel.swift; sourceTree = "<group>"; };
		F8BD11761CF4820200BA8F3B /* DataGraphView.swift */ = {isa = PBXFileReference; fileEncoding = 4; lastKnownFileType = sourcecode.swift; path = DataGraphView.swift; sourceTree = "<group>"; };
		F8BD11781CF5996800BA8F3B /* GyroDataModel.swift */ = {isa = PBXFileReference; fileEncoding = 4; lastKnownFileType = sourcecode.swift; path = GyroDataModel.swift; sourceTree = "<group>"; };
		F8BD117A1CF59C4300BA8F3B /* MagneticFieldDataModel.swift */ = {isa = PBXFileReference; fileEncoding = 4; lastKnownFileType = sourcecode.swift; path = MagneticFieldDataModel.swift; sourceTree = "<group>"; };
		F8BD117C1CF59EB900BA8F3B /* BrightnessDataModel.swift */ = {isa = PBXFileReference; fileEncoding = 4; lastKnownFileType = sourcecode.swift; path = BrightnessDataModel.swift; sourceTree = "<group>"; };
		F8C3F7451CF5A09600B807B5 /* UVDataModel.swift */ = {isa = PBXFileReference; fileEncoding = 4; lastKnownFileType = sourcecode.swift; path = UVDataModel.swift; sourceTree = "<group>"; };
		F8C3F7471CF5C02A00B807B5 /* HumidityDataModel.swift */ = {isa = PBXFileReference; fileEncoding = 4; lastKnownFileType = sourcecode.swift; path = HumidityDataModel.swift; sourceTree = "<group>"; };
		F8C3F7491CF5C23600B807B5 /* PressureDataModel.swift */ = {isa = PBXFileReference; fileEncoding = 4; lastKnownFileType = sourcecode.swift; path = PressureDataModel.swift; sourceTree = "<group>"; };
		F8E56D261D7AA11D0089164E /* senstick_xxaa_s110_release_rev104.zip */ = {isa = PBXFileReference; lastKnownFileType = archive.zip; path = senstick_xxaa_s110_release_rev104.zip; sourceTree = "<group>"; };
		F8FCC92D1CCF6195003BCC5A /* DeviceListCellView.swift */ = {isa = PBXFileReference; fileEncoding = 4; lastKnownFileType = sourcecode.swift; path = DeviceListCellView.swift; sourceTree = "<group>"; };
		F8FCC92F1CCF61CD003BCC5A /* DeviceTableViewController.swift */ = {isa = PBXFileReference; fileEncoding = 4; lastKnownFileType = sourcecode.swift; path = DeviceTableViewController.swift; sourceTree = "<group>"; };
/* End PBXFileReference section */

/* Begin PBXFrameworksBuildPhase section */
		F863228A1C979B03001B53A0 /* Frameworks */ = {
			isa = PBXFrameworksBuildPhase;
			buildActionMask = 2147483647;
			files = (
				F888FFB81D0E852A00A99202 /* SenStickSDK.framework in Frameworks */,
			);
			runOnlyForDeploymentPostprocessing = 0;
		};
/* End PBXFrameworksBuildPhase section */

/* Begin PBXGroup section */
		C76593342C0A05CB0F9F8A3E /* Frameworks */ = {
			isa = PBXGroup;
			children = (
				F888FFB71D0E852A00A99202 /* SenStickSDK.framework */,
			);
			name = Frameworks;
			sourceTree = "<group>";
		};
		F813B2571D0E86E400EC9EC0 /* Products */ = {
			isa = PBXGroup;
			children = (
				F813B25B1D0E86E400EC9EC0 /* SenStickSDK.framework */,
			);
			name = Products;
			sourceTree = "<group>";
		};
		F813B2631D0E89D400EC9EC0 /* firmware */ = {
			isa = PBXGroup;
			children = (
				F8E56D261D7AA11D0089164E /* senstick_xxaa_s110_release_rev104.zip */,
				F813B2611D0E89CD00EC9EC0 /* firmwareInfo.plist */,
			);
			name = firmware;
			sourceTree = "<group>";
		};
		F86322841C979B03001B53A0 = {
			isa = PBXGroup;
			children = (
				F813B2561D0E86E400EC9EC0 /* SenStickSDK.xcodeproj */,
				F86322C31C979B92001B53A0 /* images.xcassets */,
				F863228F1C979B03001B53A0 /* SenStickViewer */,
				F863228E1C979B03001B53A0 /* Products */,
				C76593342C0A05CB0F9F8A3E /* Frameworks */,
			);
			sourceTree = "<group>";
		};
		F863228E1C979B03001B53A0 /* Products */ = {
			isa = PBXGroup;
			children = (
				F863228D1C979B03001B53A0 /* SenStickViewer.app */,
			);
			name = Products;
			sourceTree = "<group>";
		};
		F863228F1C979B03001B53A0 /* SenStickViewer */ = {
			isa = PBXGroup;
			children = (
				F87D4C711D78271C00E33DA4 /* MyPlayground.playground */,
				F813B2631D0E89D400EC9EC0 /* firmware */,
				F87BED671CF1D40900832E08 /* DetailViewController.swift */,
				F86322961C979B03001B53A0 /* Main.storyboard */,
				F86322901C979B03001B53A0 /* AppDelegate.swift */,
				F8FCC92F1CCF61CD003BCC5A /* DeviceTableViewController.swift */,
				F8FCC92D1CCF6195003BCC5A /* DeviceListCellView.swift */,
				F81AC9AE1CF11C5300706391 /* SensorDataViewController.swift */,
				F87098A51D0D1D06007A56CA /* DeviceInformationViewController.swift */,
				F8B9F0B41CF86C6700F16969 /* SamplingDurationViewController.swift */,
				F86EAD291D1FA633007CB071 /* LogListViewController.swift */,
				F81AAA721D1FC55E00BF7E85 /* LogReaderViewController.swift */,
				F86EAD241D1ED645007CB071 /* cell */,
				F8BD11731CF47A8200BA8F3B /* viewmodel */,
				F86322991C979B03001B53A0 /* Assets.xcassets */,
				F863229B1C979B03001B53A0 /* LaunchScreen.storyboard */,
				F863229E1C979B03001B53A0 /* Info.plist */,
			);
			path = SenStickViewer;
			sourceTree = "<group>";
		};
		F86EAD241D1ED645007CB071 /* cell */ = {
			isa = PBXGroup;
			children = (
				F83941AF1CF11DE6008F2A52 /* SensorStatusCellView.swift */,
				F8BD11711CF4435500BA8F3B /* SensorDataCellView.swift */,
				F8BD11761CF4820200BA8F3B /* DataGraphView.swift */,
			);
			name = cell;
			sourceTree = "<group>";
		};
		F8BD11731CF47A8200BA8F3B /* viewmodel */ = {
			isa = PBXGroup;
			children = (
				F86EAD201D1EC385007CB071 /* SensorDataModel.swift */,
				F8BD11741CF47AA300BA8F3B /* AccelerationDataModel.swift */,
				F8BD11781CF5996800BA8F3B /* GyroDataModel.swift */,
				F8BD117A1CF59C4300BA8F3B /* MagneticFieldDataModel.swift */,
				F8BD117C1CF59EB900BA8F3B /* BrightnessDataModel.swift */,
				F8C3F7451CF5A09600B807B5 /* UVDataModel.swift */,
				F8C3F7471CF5C02A00B807B5 /* HumidityDataModel.swift */,
				F8C3F7491CF5C23600B807B5 /* PressureDataModel.swift */,
			);
			name = viewmodel;
			sourceTree = "<group>";
		};
/* End PBXGroup section */

/* Begin PBXNativeTarget section */
		F863228C1C979B03001B53A0 /* SenStickViewer */ = {
			isa = PBXNativeTarget;
			buildConfigurationList = F86322A11C979B03001B53A0 /* Build configuration list for PBXNativeTarget "SenStickViewer" */;
			buildPhases = (
				F86322891C979B03001B53A0 /* Sources */,
				F863228A1C979B03001B53A0 /* Frameworks */,
				F863228B1C979B03001B53A0 /* Resources */,
				F8C17E201CCF271A00030B99 /* Embed Frameworks */,
			);
			buildRules = (
			);
			dependencies = (
				F813B25D1D0E86EF00EC9EC0 /* PBXTargetDependency */,
			);
			name = SenStickViewer;
			productName = SenStickViewer;
			productReference = F863228D1C979B03001B53A0 /* SenStickViewer.app */;
			productType = "com.apple.product-type.application";
		};
/* End PBXNativeTarget section */

/* Begin PBXProject section */
		F86322851C979B03001B53A0 /* Project object */ = {
			isa = PBXProject;
			attributes = {
				LastSwiftUpdateCheck = 0720;
				LastUpgradeCheck = 0720;
				ORGANIZATIONNAME = AkihiroUehara;
				TargetAttributes = {
					F863228C1C979B03001B53A0 = {
						CreatedOnToolsVersion = 7.2.1;
						DevelopmentTeam = 3RPD2RKGX8;
					};
				};
			};
			buildConfigurationList = F86322881C979B03001B53A0 /* Build configuration list for PBXProject "SenStickViewer" */;
			compatibilityVersion = "Xcode 3.2";
			developmentRegion = English;
			hasScannedForEncodings = 0;
			knownRegions = (
				en,
				Base,
			);
			mainGroup = F86322841C979B03001B53A0;
			productRefGroup = F863228E1C979B03001B53A0 /* Products */;
			projectDirPath = "";
			projectReferences = (
				{
					ProductGroup = F813B2571D0E86E400EC9EC0 /* Products */;
					ProjectRef = F813B2561D0E86E400EC9EC0 /* SenStickSDK.xcodeproj */;
				},
			);
			projectRoot = "";
			targets = (
				F863228C1C979B03001B53A0 /* SenStickViewer */,
			);
		};
/* End PBXProject section */

/* Begin PBXReferenceProxy section */
		F813B25B1D0E86E400EC9EC0 /* SenStickSDK.framework */ = {
			isa = PBXReferenceProxy;
			fileType = wrapper.framework;
			path = SenStickSDK.framework;
			remoteRef = F813B25A1D0E86E400EC9EC0 /* PBXContainerItemProxy */;
			sourceTree = BUILT_PRODUCTS_DIR;
		};
/* End PBXReferenceProxy section */

/* Begin PBXResourcesBuildPhase section */
		F863228B1C979B03001B53A0 /* Resources */ = {
			isa = PBXResourcesBuildPhase;
			buildActionMask = 2147483647;
			files = (
				F863229D1C979B03001B53A0 /* LaunchScreen.storyboard in Resources */,
				F86322C41C979B92001B53A0 /* images.xcassets in Resources */,
				F863229A1C979B03001B53A0 /* Assets.xcassets in Resources */,
				F8E56D271D7AA11D0089164E /* senstick_xxaa_s110_release_rev104.zip in Resources */,
				F86322981C979B03001B53A0 /* Main.storyboard in Resources */,
				F813B2621D0E89CD00EC9EC0 /* firmwareInfo.plist in Resources */,
			);
			runOnlyForDeploymentPostprocessing = 0;
		};
/* End PBXResourcesBuildPhase section */

/* Begin PBXSourcesBuildPhase section */
		F86322891C979B03001B53A0 /* Sources */ = {
			isa = PBXSourcesBuildPhase;
			buildActionMask = 2147483647;
			files = (
				F83941B01CF11DE6008F2A52 /* SensorStatusCellView.swift in Sources */,
				F8C3F74A1CF5C23600B807B5 /* PressureDataModel.swift in Sources */,
				F81AC9AF1CF11C5300706391 /* SensorDataViewController.swift in Sources */,
				F8BD11721CF4435500BA8F3B /* SensorDataCellView.swift in Sources */,
				F8C3F7481CF5C02A00B807B5 /* HumidityDataModel.swift in Sources */,
				F8B9F0B51CF86C6700F16969 /* SamplingDurationViewController.swift in Sources */,
				F8BD117D1CF59EB900BA8F3B /* BrightnessDataModel.swift in Sources */,
				F86EAD211D1EC385007CB071 /* SensorDataModel.swift in Sources */,
				F87098A61D0D1D06007A56CA /* DeviceInformationViewController.swift in Sources */,
				F8BD11791CF5996800BA8F3B /* GyroDataModel.swift in Sources */,
				F8FCC92E1CCF6195003BCC5A /* DeviceListCellView.swift in Sources */,
				F8C3F7461CF5A09600B807B5 /* UVDataModel.swift in Sources */,
				F81AAA731D1FC55E00BF7E85 /* LogReaderViewController.swift in Sources */,
				F87BED681CF1D40900832E08 /* DetailViewController.swift in Sources */,
				F8BD117B1CF59C4300BA8F3B /* MagneticFieldDataModel.swift in Sources */,
				F8FCC9301CCF61CD003BCC5A /* DeviceTableViewController.swift in Sources */,
				F86322911C979B03001B53A0 /* AppDelegate.swift in Sources */,
				F86EAD2A1D1FA633007CB071 /* LogListViewController.swift in Sources */,
				F8BD11751CF47AA300BA8F3B /* AccelerationDataModel.swift in Sources */,
				F8BD11771CF4820200BA8F3B /* DataGraphView.swift in Sources */,
			);
			runOnlyForDeploymentPostprocessing = 0;
		};
/* End PBXSourcesBuildPhase section */

/* Begin PBXTargetDependency section */
		F813B25D1D0E86EF00EC9EC0 /* PBXTargetDependency */ = {
			isa = PBXTargetDependency;
			name = SenStickSDK;
			targetProxy = F813B25C1D0E86EF00EC9EC0 /* PBXContainerItemProxy */;
		};
/* End PBXTargetDependency section */

/* Begin PBXVariantGroup section */
		F86322961C979B03001B53A0 /* Main.storyboard */ = {
			isa = PBXVariantGroup;
			children = (
				F86322971C979B03001B53A0 /* Base */,
			);
			name = Main.storyboard;
			sourceTree = "<group>";
		};
		F863229B1C979B03001B53A0 /* LaunchScreen.storyboard */ = {
			isa = PBXVariantGroup;
			children = (
				F863229C1C979B03001B53A0 /* Base */,
			);
			name = LaunchScreen.storyboard;
			sourceTree = "<group>";
		};
/* End PBXVariantGroup section */

/* Begin XCBuildConfiguration section */
		F863229F1C979B03001B53A0 /* Debug */ = {
			isa = XCBuildConfiguration;
			buildSettings = {
				ALWAYS_SEARCH_USER_PATHS = NO;
				CLANG_CXX_LANGUAGE_STANDARD = "gnu++0x";
				CLANG_CXX_LIBRARY = "libc++";
				CLANG_ENABLE_MODULES = YES;
				CLANG_ENABLE_OBJC_ARC = YES;
				CLANG_WARN_BOOL_CONVERSION = YES;
				CLANG_WARN_CONSTANT_CONVERSION = YES;
				CLANG_WARN_DIRECT_OBJC_ISA_USAGE = YES_ERROR;
				CLANG_WARN_EMPTY_BODY = YES;
				CLANG_WARN_ENUM_CONVERSION = YES;
				CLANG_WARN_INT_CONVERSION = YES;
				CLANG_WARN_OBJC_ROOT_CLASS = YES_ERROR;
				CLANG_WARN_UNREACHABLE_CODE = YES;
				CLANG_WARN__DUPLICATE_METHOD_MATCH = YES;
				CODE_SIGN_IDENTITY = "iPhone Developer";
				"CODE_SIGN_IDENTITY[sdk=iphoneos*]" = "iPhone Developer";
				COPY_PHASE_STRIP = NO;
				DEBUG_INFORMATION_FORMAT = dwarf;
				ENABLE_STRICT_OBJC_MSGSEND = YES;
				ENABLE_TESTABILITY = YES;
				GCC_C_LANGUAGE_STANDARD = gnu99;
				GCC_DYNAMIC_NO_PIC = NO;
				GCC_NO_COMMON_BLOCKS = YES;
				GCC_OPTIMIZATION_LEVEL = 0;
				GCC_PREPROCESSOR_DEFINITIONS = (
					"DEBUG=1",
					"$(inherited)",
				);
				GCC_WARN_64_TO_32_BIT_CONVERSION = YES;
				GCC_WARN_ABOUT_RETURN_TYPE = YES_ERROR;
				GCC_WARN_UNDECLARED_SELECTOR = YES;
				GCC_WARN_UNINITIALIZED_AUTOS = YES_AGGRESSIVE;
				GCC_WARN_UNUSED_FUNCTION = YES;
				GCC_WARN_UNUSED_VARIABLE = YES;
				IPHONEOS_DEPLOYMENT_TARGET = 9.3;
				MTL_ENABLE_DEBUG_INFO = YES;
				ONLY_ACTIVE_ARCH = YES;
				SDKROOT = iphoneos;
				SWIFT_OPTIMIZATION_LEVEL = "-Onone";
			};
			name = Debug;
		};
		F86322A01C979B03001B53A0 /* Release */ = {
			isa = XCBuildConfiguration;
			buildSettings = {
				ALWAYS_SEARCH_USER_PATHS = NO;
				CLANG_CXX_LANGUAGE_STANDARD = "gnu++0x";
				CLANG_CXX_LIBRARY = "libc++";
				CLANG_ENABLE_MODULES = YES;
				CLANG_ENABLE_OBJC_ARC = YES;
				CLANG_WARN_BOOL_CONVERSION = YES;
				CLANG_WARN_CONSTANT_CONVERSION = YES;
				CLANG_WARN_DIRECT_OBJC_ISA_USAGE = YES_ERROR;
				CLANG_WARN_EMPTY_BODY = YES;
				CLANG_WARN_ENUM_CONVERSION = YES;
				CLANG_WARN_INT_CONVERSION = YES;
				CLANG_WARN_OBJC_ROOT_CLASS = YES_ERROR;
				CLANG_WARN_UNREACHABLE_CODE = YES;
				CLANG_WARN__DUPLICATE_METHOD_MATCH = YES;
				CODE_SIGN_IDENTITY = "iPhone Distribution";
				"CODE_SIGN_IDENTITY[sdk=iphoneos*]" = "iPhone Distribution";
				COPY_PHASE_STRIP = NO;
				DEBUG_INFORMATION_FORMAT = "dwarf-with-dsym";
				ENABLE_NS_ASSERTIONS = NO;
				ENABLE_STRICT_OBJC_MSGSEND = YES;
				GCC_C_LANGUAGE_STANDARD = gnu99;
				GCC_NO_COMMON_BLOCKS = YES;
				GCC_WARN_64_TO_32_BIT_CONVERSION = YES;
				GCC_WARN_ABOUT_RETURN_TYPE = YES_ERROR;
				GCC_WARN_UNDECLARED_SELECTOR = YES;
				GCC_WARN_UNINITIALIZED_AUTOS = YES_AGGRESSIVE;
				GCC_WARN_UNUSED_FUNCTION = YES;
				GCC_WARN_UNUSED_VARIABLE = YES;
				IPHONEOS_DEPLOYMENT_TARGET = 9.3;
				MTL_ENABLE_DEBUG_INFO = NO;
				SDKROOT = iphoneos;
				VALIDATE_PRODUCT = YES;
			};
			name = Release;
		};
		F86322A21C979B03001B53A0 /* Debug */ = {
			isa = XCBuildConfiguration;
			buildSettings = {
				ASSETCATALOG_COMPILER_APPICON_NAME = AppIcon;
				CODE_SIGN_IDENTITY = "iPhone Developer";
				"CODE_SIGN_IDENTITY[sdk=iphoneos*]" = "iPhone Developer";
				EMBEDDED_CONTENT_CONTAINS_SWIFT = YES;
				INFOPLIST_FILE = SenStickViewer/Info.plist;
				IPHONEOS_DEPLOYMENT_TARGET = 9.3;
				LD_RUNPATH_SEARCH_PATHS = "$(inherited) @executable_path/Frameworks";
				PRODUCT_BUNDLE_IDENTIFIER = "com.wa-fu-u.SenStickViewer";
				PRODUCT_NAME = "$(TARGET_NAME)";
				PROVISIONING_PROFILE = "";
			};
			name = Debug;
		};
		F86322A31C979B03001B53A0 /* Release */ = {
			isa = XCBuildConfiguration;
			buildSettings = {
				ASSETCATALOG_COMPILER_APPICON_NAME = AppIcon;
				CODE_SIGN_IDENTITY = "iPhone Distribution";
				EMBEDDED_CONTENT_CONTAINS_SWIFT = YES;
				INFOPLIST_FILE = SenStickViewer/Info.plist;
				IPHONEOS_DEPLOYMENT_TARGET = 9.3;
				LD_RUNPATH_SEARCH_PATHS = "$(inherited) @executable_path/Frameworks";
				PRODUCT_BUNDLE_IDENTIFIER = "com.wa-fu-u.SenStickViewer";
				PRODUCT_NAME = "$(TARGET_NAME)";
				PROVISIONING_PROFILE = "";
			};
			name = Release;
		};
/* End XCBuildConfiguration section */

/* Begin XCConfigurationList section */
		F86322881C979B03001B53A0 /* Build configuration list for PBXProject "SenStickViewer" */ = {
			isa = XCConfigurationList;
			buildConfigurations = (
				F863229F1C979B03001B53A0 /* Debug */,
				F86322A01C979B03001B53A0 /* Release */,
			);
			defaultConfigurationIsVisible = 0;
			defaultConfigurationName = Release;
		};
		F86322A11C979B03001B53A0 /* Build configuration list for PBXNativeTarget "SenStickViewer" */ = {
			isa = XCConfigurationList;
			buildConfigurations = (
				F86322A21C979B03001B53A0 /* Debug */,
				F86322A31C979B03001B53A0 /* Release */,
			);
			defaultConfigurationIsVisible = 0;
			defaultConfigurationName = Release;
		};
/* End XCConfigurationList section */
	};
	rootObject = F86322851C979B03001B53A0 /* Project object */;
}
