// !$*UTF8*$!
{
	archiveVersion = 1;
	classes = {
	};
	objectVersion = 46;
	objects = {

/* Begin PBXBuildFile section */
		1E09D6C121155CF0E305B27B /* Pods_SenStickViewer.framework in Frameworks */ = {isa = PBXBuildFile; fileRef = 5AA1CDE0533321E8A91989EB /* Pods_SenStickViewer.framework */; };
		769B7A9B1F61C3FB005A461D /* Main.storyboard in Resources */ = {isa = PBXBuildFile; fileRef = 769B7A9E1F61C3FB005A461D /* Main.storyboard */; };
		769B7A9C1F61C3FB005A461D /* Main.storyboard in Resources */ = {isa = PBXBuildFile; fileRef = 769B7A9E1F61C3FB005A461D /* Main.storyboard */; };
		F81F65031E73DB3600FE97DB /* Assets.xcassets in Resources */ = {isa = PBXBuildFile; fileRef = F81F65021E73DB3600FE97DB /* Assets.xcassets */; };
		F81F650E1E73DBB200FE97DB /* images.xcassets in Resources */ = {isa = PBXBuildFile; fileRef = F81F650D1E73DBB200FE97DB /* images.xcassets */; };
		F81F65241E73DC3100FE97DB /* MagneticFieldDataModel.swift in Sources */ = {isa = PBXBuildFile; fileRef = F81F65101E73DC3100FE97DB /* MagneticFieldDataModel.swift */; };
		F81F65251E73DC3100FE97DB /* DeviceTableViewController.swift in Sources */ = {isa = PBXBuildFile; fileRef = F81F65111E73DC3100FE97DB /* DeviceTableViewController.swift */; };
		F81F65261E73DC3100FE97DB /* DataGraphView.swift in Sources */ = {isa = PBXBuildFile; fileRef = F81F65121E73DC3100FE97DB /* DataGraphView.swift */; };
		F81F65271E73DC3100FE97DB /* SensorDataCellView.swift in Sources */ = {isa = PBXBuildFile; fileRef = F81F65131E73DC3100FE97DB /* SensorDataCellView.swift */; };
		F81F65281E73DC3100FE97DB /* SensorStatusCellView.swift in Sources */ = {isa = PBXBuildFile; fileRef = F81F65141E73DC3100FE97DB /* SensorStatusCellView.swift */; };
		F81F65291E73DC3100FE97DB /* AccelerationDataModel.swift in Sources */ = {isa = PBXBuildFile; fileRef = F81F65151E73DC3100FE97DB /* AccelerationDataModel.swift */; };
		F81F652A1E73DC3100FE97DB /* BrightnessDataModel.swift in Sources */ = {isa = PBXBuildFile; fileRef = F81F65161E73DC3100FE97DB /* BrightnessDataModel.swift */; };
		F81F652B1E73DC3100FE97DB /* GyroDataModel.swift in Sources */ = {isa = PBXBuildFile; fileRef = F81F65171E73DC3100FE97DB /* GyroDataModel.swift */; };
		F81F652C1E73DC3100FE97DB /* HumidityDataModel.swift in Sources */ = {isa = PBXBuildFile; fileRef = F81F65181E73DC3100FE97DB /* HumidityDataModel.swift */; };
		F81F652D1E73DC3100FE97DB /* PressureDataModel.swift in Sources */ = {isa = PBXBuildFile; fileRef = F81F65191E73DC3100FE97DB /* PressureDataModel.swift */; };
		F81F652E1E73DC3100FE97DB /* SensorDataModel.swift in Sources */ = {isa = PBXBuildFile; fileRef = F81F651A1E73DC3100FE97DB /* SensorDataModel.swift */; };
		F81F652F1E73DC3100FE97DB /* UVDataModel.swift in Sources */ = {isa = PBXBuildFile; fileRef = F81F651B1E73DC3100FE97DB /* UVDataModel.swift */; };
		F81F65301E73DC3100FE97DB /* DeviceInformationViewController.swift in Sources */ = {isa = PBXBuildFile; fileRef = F81F651C1E73DC3100FE97DB /* DeviceInformationViewController.swift */; };
		F81F65311E73DC3100FE97DB /* DeviceListCellView.swift in Sources */ = {isa = PBXBuildFile; fileRef = F81F651D1E73DC3100FE97DB /* DeviceListCellView.swift */; };
		F81F65321E73DC3100FE97DB /* LogListViewController.swift in Sources */ = {isa = PBXBuildFile; fileRef = F81F651E1E73DC3100FE97DB /* LogListViewController.swift */; };
		F81F65331E73DC3100FE97DB /* LogReaderViewController.swift in Sources */ = {isa = PBXBuildFile; fileRef = F81F651F1E73DC3100FE97DB /* LogReaderViewController.swift */; };
		F81F65341E73DC3100FE97DB /* SamplingDurationViewController.swift in Sources */ = {isa = PBXBuildFile; fileRef = F81F65201E73DC3100FE97DB /* SamplingDurationViewController.swift */; };
		F81F65351E73DC3100FE97DB /* SensorDataViewController.swift in Sources */ = {isa = PBXBuildFile; fileRef = F81F65211E73DC3100FE97DB /* SensorDataViewController.swift */; };
		F81F65361E73DC3100FE97DB /* DetailViewController.swift in Sources */ = {isa = PBXBuildFile; fileRef = F81F65221E73DC3100FE97DB /* DetailViewController.swift */; };
		F81F65371E73DC3100FE97DB /* AppDelegate.swift in Sources */ = {isa = PBXBuildFile; fileRef = F81F65231E73DC3100FE97DB /* AppDelegate.swift */; };
		F81F653E1E73DCBC00FE97DB /* firmwareInfo.plist in Resources */ = {isa = PBXBuildFile; fileRef = F81F653B1E73DCBC00FE97DB /* firmwareInfo.plist */; };
		F81F653F1E73DCBC00FE97DB /* senstick_xxaa_s110_release_rev108.zip in Resources */ = {isa = PBXBuildFile; fileRef = F81F653C1E73DCBC00FE97DB /* senstick_xxaa_s110_release_rev108.zip */; };
		F81F65401E73DCBC00FE97DB /* senstick_xxaa_s132_release_rev108.zip in Resources */ = {isa = PBXBuildFile; fileRef = F81F653D1E73DCBC00FE97DB /* senstick_xxaa_s132_release_rev108.zip */; };
		F81F65661E73E24800FE97DB /* MagneticFieldDataModel.swift in Sources */ = {isa = PBXBuildFile; fileRef = F81F65101E73DC3100FE97DB /* MagneticFieldDataModel.swift */; };
		F81F65671E73E24800FE97DB /* DataGraphView.swift in Sources */ = {isa = PBXBuildFile; fileRef = F81F65121E73DC3100FE97DB /* DataGraphView.swift */; };
		F81F65681E73E24800FE97DB /* DeviceListCellView.swift in Sources */ = {isa = PBXBuildFile; fileRef = F81F651D1E73DC3100FE97DB /* DeviceListCellView.swift */; };
		F81F65691E73E24800FE97DB /* UVDataModel.swift in Sources */ = {isa = PBXBuildFile; fileRef = F81F651B1E73DC3100FE97DB /* UVDataModel.swift */; };
		F81F656A1E73E24800FE97DB /* PressureDataModel.swift in Sources */ = {isa = PBXBuildFile; fileRef = F81F65191E73DC3100FE97DB /* PressureDataModel.swift */; };
		F81F656B1E73E24800FE97DB /* GyroDataModel.swift in Sources */ = {isa = PBXBuildFile; fileRef = F81F65171E73DC3100FE97DB /* GyroDataModel.swift */; };
		F81F656C1E73E24800FE97DB /* DeviceInformationViewController.swift in Sources */ = {isa = PBXBuildFile; fileRef = F81F651C1E73DC3100FE97DB /* DeviceInformationViewController.swift */; };
		F81F656D1E73E24800FE97DB /* SamplingDurationViewController.swift in Sources */ = {isa = PBXBuildFile; fileRef = F81F65201E73DC3100FE97DB /* SamplingDurationViewController.swift */; };
		F81F656E1E73E24800FE97DB /* AppDelegate.swift in Sources */ = {isa = PBXBuildFile; fileRef = F81F65231E73DC3100FE97DB /* AppDelegate.swift */; };
		F81F656F1E73E24800FE97DB /* SensorDataCellView.swift in Sources */ = {isa = PBXBuildFile; fileRef = F81F65131E73DC3100FE97DB /* SensorDataCellView.swift */; };
		F81F65701E73E24800FE97DB /* AccelerationDataModel.swift in Sources */ = {isa = PBXBuildFile; fileRef = F81F65151E73DC3100FE97DB /* AccelerationDataModel.swift */; };
		F81F65711E73E24800FE97DB /* DetailViewController.swift in Sources */ = {isa = PBXBuildFile; fileRef = F81F65221E73DC3100FE97DB /* DetailViewController.swift */; };
		F81F65721E73E24800FE97DB /* SensorDataViewController.swift in Sources */ = {isa = PBXBuildFile; fileRef = F81F65211E73DC3100FE97DB /* SensorDataViewController.swift */; };
		F81F65731E73E24800FE97DB /* HumidityDataModel.swift in Sources */ = {isa = PBXBuildFile; fileRef = F81F65181E73DC3100FE97DB /* HumidityDataModel.swift */; };
		F81F65741E73E24800FE97DB /* DeviceTableViewController.swift in Sources */ = {isa = PBXBuildFile; fileRef = F81F65111E73DC3100FE97DB /* DeviceTableViewController.swift */; };
		F81F65751E73E24800FE97DB /* SensorStatusCellView.swift in Sources */ = {isa = PBXBuildFile; fileRef = F81F65141E73DC3100FE97DB /* SensorStatusCellView.swift */; };
		F81F65761E73E24800FE97DB /* LogReaderViewController.swift in Sources */ = {isa = PBXBuildFile; fileRef = F81F651F1E73DC3100FE97DB /* LogReaderViewController.swift */; };
		F81F65771E73E24800FE97DB /* BrightnessDataModel.swift in Sources */ = {isa = PBXBuildFile; fileRef = F81F65161E73DC3100FE97DB /* BrightnessDataModel.swift */; };
		F81F65781E73E24800FE97DB /* LogListViewController.swift in Sources */ = {isa = PBXBuildFile; fileRef = F81F651E1E73DC3100FE97DB /* LogListViewController.swift */; };
		F81F65791E73E24800FE97DB /* SensorDataModel.swift in Sources */ = {isa = PBXBuildFile; fileRef = F81F651A1E73DC3100FE97DB /* SensorDataModel.swift */; };
		F81F657B1E73E24800FE97DB /* Pods_SenStickViewer.framework in Frameworks */ = {isa = PBXBuildFile; fileRef = 5AA1CDE0533321E8A91989EB /* Pods_SenStickViewer.framework */; };
		F81F657D1E73E24800FE97DB /* senstick_xxaa_s110_release_rev108.zip in Resources */ = {isa = PBXBuildFile; fileRef = F81F653C1E73DCBC00FE97DB /* senstick_xxaa_s110_release_rev108.zip */; };
		F81F657E1E73E24800FE97DB /* images.xcassets in Resources */ = {isa = PBXBuildFile; fileRef = F81F650D1E73DBB200FE97DB /* images.xcassets */; };
		F81F657F1E73E24800FE97DB /* senstick_xxaa_s132_release_rev108.zip in Resources */ = {isa = PBXBuildFile; fileRef = F81F653D1E73DCBC00FE97DB /* senstick_xxaa_s132_release_rev108.zip */; };
		F81F65801E73E24800FE97DB /* Assets.xcassets in Resources */ = {isa = PBXBuildFile; fileRef = F81F65021E73DB3600FE97DB /* Assets.xcassets */; };
		F81F65811E73E24800FE97DB /* firmwareInfo.plist in Resources */ = {isa = PBXBuildFile; fileRef = F81F653B1E73DCBC00FE97DB /* firmwareInfo.plist */; };
		F81F658B1E73FBA000FE97DB /* LaunchScreen.storyboard in Resources */ = {isa = PBXBuildFile; fileRef = F81F65891E73FBA000FE97DB /* LaunchScreen.storyboard */; };
		F81F658C1E73FBA000FE97DB /* LaunchScreen.storyboard in Resources */ = {isa = PBXBuildFile; fileRef = F81F65891E73FBA000FE97DB /* LaunchScreen.storyboard */; };
/* End PBXBuildFile section */

/* Begin PBXFileReference section */
		37E9A3A2671568003EF9D0F1 /* Pods-SenStickViewer.release.xcconfig */ = {isa = PBXFileReference; includeInIndex = 1; lastKnownFileType = text.xcconfig; name = "Pods-SenStickViewer.release.xcconfig"; path = "../Pods/Target Support Files/Pods-SenStickViewer/Pods-SenStickViewer.release.xcconfig"; sourceTree = "<group>"; };
		5AA1CDE0533321E8A91989EB /* Pods_SenStickViewer.framework */ = {isa = PBXFileReference; explicitFileType = wrapper.framework; includeInIndex = 0; path = Pods_SenStickViewer.framework; sourceTree = BUILT_PRODUCTS_DIR; };
		5CA60ACDC07F37F2ECABE545 /* Pods-SenStickViewer.debug.xcconfig */ = {isa = PBXFileReference; includeInIndex = 1; lastKnownFileType = text.xcconfig; name = "Pods-SenStickViewer.debug.xcconfig"; path = "../Pods/Target Support Files/Pods-SenStickViewer/Pods-SenStickViewer.debug.xcconfig"; sourceTree = "<group>"; };
		769B7A9D1F61C3FB005A461D /* Base */ = {isa = PBXFileReference; lastKnownFileType = file.storyboard; name = Base; path = Base.lproj/Main.storyboard; sourceTree = "<group>"; };
		769B7AA01F61C400005A461D /* ja */ = {isa = PBXFileReference; lastKnownFileType = text.plist.strings; name = ja; path = ja.lproj/Main.strings; sourceTree = "<group>"; };
		F81F64F81E73DB3600FE97DB /* SenStickViewer.app */ = {isa = PBXFileReference; explicitFileType = wrapper.application; includeInIndex = 0; path = SenStickViewer.app; sourceTree = BUILT_PRODUCTS_DIR; };
		F81F65021E73DB3600FE97DB /* Assets.xcassets */ = {isa = PBXFileReference; lastKnownFileType = folder.assetcatalog; path = Assets.xcassets; sourceTree = "<group>"; };
		F81F65071E73DB3600FE97DB /* Info.plist */ = {isa = PBXFileReference; lastKnownFileType = text.plist.xml; path = Info.plist; sourceTree = "<group>"; };
		F81F650D1E73DBB200FE97DB /* images.xcassets */ = {isa = PBXFileReference; lastKnownFileType = folder.assetcatalog; path = images.xcassets; sourceTree = "<group>"; };
		F81F650F1E73DC3000FE97DB /* SenStickViewer-Bridging-Header.h */ = {isa = PBXFileReference; lastKnownFileType = sourcecode.c.h; path = "SenStickViewer-Bridging-Header.h"; sourceTree = "<group>"; };
		F81F65101E73DC3100FE97DB /* MagneticFieldDataModel.swift */ = {isa = PBXFileReference; fileEncoding = 4; lastKnownFileType = sourcecode.swift; path = MagneticFieldDataModel.swift; sourceTree = "<group>"; };
		F81F65111E73DC3100FE97DB /* DeviceTableViewController.swift */ = {isa = PBXFileReference; fileEncoding = 4; lastKnownFileType = sourcecode.swift; path = DeviceTableViewController.swift; sourceTree = "<group>"; };
		F81F65121E73DC3100FE97DB /* DataGraphView.swift */ = {isa = PBXFileReference; fileEncoding = 4; lastKnownFileType = sourcecode.swift; path = DataGraphView.swift; sourceTree = "<group>"; };
		F81F65131E73DC3100FE97DB /* SensorDataCellView.swift */ = {isa = PBXFileReference; fileEncoding = 4; lastKnownFileType = sourcecode.swift; path = SensorDataCellView.swift; sourceTree = "<group>"; };
		F81F65141E73DC3100FE97DB /* SensorStatusCellView.swift */ = {isa = PBXFileReference; fileEncoding = 4; lastKnownFileType = sourcecode.swift; path = SensorStatusCellView.swift; sourceTree = "<group>"; };
		F81F65151E73DC3100FE97DB /* AccelerationDataModel.swift */ = {isa = PBXFileReference; fileEncoding = 4; lastKnownFileType = sourcecode.swift; path = AccelerationDataModel.swift; sourceTree = "<group>"; };
		F81F65161E73DC3100FE97DB /* BrightnessDataModel.swift */ = {isa = PBXFileReference; fileEncoding = 4; lastKnownFileType = sourcecode.swift; path = BrightnessDataModel.swift; sourceTree = "<group>"; };
		F81F65171E73DC3100FE97DB /* GyroDataModel.swift */ = {isa = PBXFileReference; fileEncoding = 4; lastKnownFileType = sourcecode.swift; path = GyroDataModel.swift; sourceTree = "<group>"; };
		F81F65181E73DC3100FE97DB /* HumidityDataModel.swift */ = {isa = PBXFileReference; fileEncoding = 4; lastKnownFileType = sourcecode.swift; path = HumidityDataModel.swift; sourceTree = "<group>"; };
		F81F65191E73DC3100FE97DB /* PressureDataModel.swift */ = {isa = PBXFileReference; fileEncoding = 4; lastKnownFileType = sourcecode.swift; path = PressureDataModel.swift; sourceTree = "<group>"; };
		F81F651A1E73DC3100FE97DB /* SensorDataModel.swift */ = {isa = PBXFileReference; fileEncoding = 4; lastKnownFileType = sourcecode.swift; path = SensorDataModel.swift; sourceTree = "<group>"; };
		F81F651B1E73DC3100FE97DB /* UVDataModel.swift */ = {isa = PBXFileReference; fileEncoding = 4; lastKnownFileType = sourcecode.swift; path = UVDataModel.swift; sourceTree = "<group>"; };
		F81F651C1E73DC3100FE97DB /* DeviceInformationViewController.swift */ = {isa = PBXFileReference; fileEncoding = 4; lastKnownFileType = sourcecode.swift; path = DeviceInformationViewController.swift; sourceTree = "<group>"; };
		F81F651D1E73DC3100FE97DB /* DeviceListCellView.swift */ = {isa = PBXFileReference; fileEncoding = 4; lastKnownFileType = sourcecode.swift; path = DeviceListCellView.swift; sourceTree = "<group>"; };
		F81F651E1E73DC3100FE97DB /* LogListViewController.swift */ = {isa = PBXFileReference; fileEncoding = 4; lastKnownFileType = sourcecode.swift; path = LogListViewController.swift; sourceTree = "<group>"; };
		F81F651F1E73DC3100FE97DB /* LogReaderViewController.swift */ = {isa = PBXFileReference; fileEncoding = 4; lastKnownFileType = sourcecode.swift; path = LogReaderViewController.swift; sourceTree = "<group>"; };
		F81F65201E73DC3100FE97DB /* SamplingDurationViewController.swift */ = {isa = PBXFileReference; fileEncoding = 4; lastKnownFileType = sourcecode.swift; path = SamplingDurationViewController.swift; sourceTree = "<group>"; };
		F81F65211E73DC3100FE97DB /* SensorDataViewController.swift */ = {isa = PBXFileReference; fileEncoding = 4; lastKnownFileType = sourcecode.swift; path = SensorDataViewController.swift; sourceTree = "<group>"; };
		F81F65221E73DC3100FE97DB /* DetailViewController.swift */ = {isa = PBXFileReference; fileEncoding = 4; lastKnownFileType = sourcecode.swift; path = DetailViewController.swift; sourceTree = "<group>"; };
		F81F65231E73DC3100FE97DB /* AppDelegate.swift */ = {isa = PBXFileReference; fileEncoding = 4; lastKnownFileType = sourcecode.swift; path = AppDelegate.swift; sourceTree = "<group>"; };
		F81F653B1E73DCBC00FE97DB /* firmwareInfo.plist */ = {isa = PBXFileReference; fileEncoding = 4; lastKnownFileType = text.plist.xml; path = firmwareInfo.plist; sourceTree = "<group>"; };
		F81F653C1E73DCBC00FE97DB /* senstick_xxaa_s110_release_rev108.zip */ = {isa = PBXFileReference; lastKnownFileType = archive.zip; path = senstick_xxaa_s110_release_rev108.zip; sourceTree = "<group>"; };
		F81F653D1E73DCBC00FE97DB /* senstick_xxaa_s132_release_rev108.zip */ = {isa = PBXFileReference; lastKnownFileType = archive.zip; path = senstick_xxaa_s132_release_rev108.zip; sourceTree = "<group>"; };
		F81F65871E73E24800FE97DB /* SenStickViewer_deploygate.app */ = {isa = PBXFileReference; explicitFileType = wrapper.application; includeInIndex = 0; path = SenStickViewer_deploygate.app; sourceTree = BUILT_PRODUCTS_DIR; };
		F81F65881E73E24900FE97DB /* SenStickViewer copy-Info.plist */ = {isa = PBXFileReference; lastKnownFileType = text.plist.xml; name = "SenStickViewer copy-Info.plist"; path = "/Users/u_akihiro/Repository/iOS/SenStick/ios/SenStickViewer/SenStickViewer copy-Info.plist"; sourceTree = "<absolute>"; };
		F81F65891E73FBA000FE97DB /* LaunchScreen.storyboard */ = {isa = PBXFileReference; fileEncoding = 4; lastKnownFileType = file.storyboard; path = LaunchScreen.storyboard; sourceTree = "<group>"; };
/* End PBXFileReference section */

/* Begin PBXFrameworksBuildPhase section */
		F81F64F51E73DB3600FE97DB /* Frameworks */ = {
			isa = PBXFrameworksBuildPhase;
			buildActionMask = 2147483647;
			files = (
				1E09D6C121155CF0E305B27B /* Pods_SenStickViewer.framework in Frameworks */,
			);
			runOnlyForDeploymentPostprocessing = 0;
		};
		F81F657A1E73E24800FE97DB /* Frameworks */ = {
			isa = PBXFrameworksBuildPhase;
			buildActionMask = 2147483647;
			files = (
				F81F657B1E73E24800FE97DB /* Pods_SenStickViewer.framework in Frameworks */,
			);
			runOnlyForDeploymentPostprocessing = 0;
		};
/* End PBXFrameworksBuildPhase section */

/* Begin PBXGroup section */
		5A786534FB554508143A0AF1 /* Frameworks */ = {
			isa = PBXGroup;
			children = (
				5AA1CDE0533321E8A91989EB /* Pods_SenStickViewer.framework */,
			);
			name = Frameworks;
			sourceTree = "<group>";
		};
		DD77C4C89495036407C5C251 /* Pods */ = {
			isa = PBXGroup;
			children = (
				5CA60ACDC07F37F2ECABE545 /* Pods-SenStickViewer.debug.xcconfig */,
				37E9A3A2671568003EF9D0F1 /* Pods-SenStickViewer.release.xcconfig */,
			);
			name = Pods;
			sourceTree = "<group>";
		};
		F81F64EF1E73DB3600FE97DB = {
			isa = PBXGroup;
			children = (
				F81F650D1E73DBB200FE97DB /* images.xcassets */,
				F81F65891E73FBA000FE97DB /* LaunchScreen.storyboard */,
				769B7A9E1F61C3FB005A461D /* Main.storyboard */,
				F81F64FA1E73DB3600FE97DB /* SenStickViewer */,
				F81F64F91E73DB3600FE97DB /* Products */,
				DD77C4C89495036407C5C251 /* Pods */,
				5A786534FB554508143A0AF1 /* Frameworks */,
				F81F65881E73E24900FE97DB /* SenStickViewer copy-Info.plist */,
			);
			sourceTree = "<group>";
		};
		F81F64F91E73DB3600FE97DB /* Products */ = {
			isa = PBXGroup;
			children = (
				F81F64F81E73DB3600FE97DB /* SenStickViewer.app */,
				F81F65871E73E24800FE97DB /* SenStickViewer_deploygate.app */,
			);
			name = Products;
			sourceTree = "<group>";
		};
		F81F64FA1E73DB3600FE97DB /* SenStickViewer */ = {
			isa = PBXGroup;
			children = (
				F81F65111E73DC3100FE97DB /* DeviceTableViewController.swift */,
				F81F651C1E73DC3100FE97DB /* DeviceInformationViewController.swift */,
				F81F651E1E73DC3100FE97DB /* LogListViewController.swift */,
				F81F651F1E73DC3100FE97DB /* LogReaderViewController.swift */,
				F81F65201E73DC3100FE97DB /* SamplingDurationViewController.swift */,
				F81F65211E73DC3100FE97DB /* SensorDataViewController.swift */,
				F81F65221E73DC3100FE97DB /* DetailViewController.swift */,
				F81F65391E73DC4900FE97DB /* cell */,
				F81F65381E73DC3D00FE97DB /* viewmodel */,
				F81F653A1E73DC9900FE97DB /* firmware */,
				F81F65231E73DC3100FE97DB /* AppDelegate.swift */,
				F81F65021E73DB3600FE97DB /* Assets.xcassets */,
				F81F65071E73DB3600FE97DB /* Info.plist */,
				F81F650F1E73DC3000FE97DB /* SenStickViewer-Bridging-Header.h */,
			);
			path = SenStickViewer;
			sourceTree = "<group>";
		};
		F81F65381E73DC3D00FE97DB /* viewmodel */ = {
			isa = PBXGroup;
			children = (
				F81F65151E73DC3100FE97DB /* AccelerationDataModel.swift */,
				F81F65101E73DC3100FE97DB /* MagneticFieldDataModel.swift */,
				F81F65171E73DC3100FE97DB /* GyroDataModel.swift */,
				F81F65161E73DC3100FE97DB /* BrightnessDataModel.swift */,
				F81F65181E73DC3100FE97DB /* HumidityDataModel.swift */,
				F81F65191E73DC3100FE97DB /* PressureDataModel.swift */,
				F81F651A1E73DC3100FE97DB /* SensorDataModel.swift */,
				F81F651B1E73DC3100FE97DB /* UVDataModel.swift */,
			);
			name = viewmodel;
			sourceTree = "<group>";
		};
		F81F65391E73DC4900FE97DB /* cell */ = {
			isa = PBXGroup;
			children = (
				F81F65121E73DC3100FE97DB /* DataGraphView.swift */,
				F81F651D1E73DC3100FE97DB /* DeviceListCellView.swift */,
				F81F65141E73DC3100FE97DB /* SensorStatusCellView.swift */,
				F81F65131E73DC3100FE97DB /* SensorDataCellView.swift */,
			);
			name = cell;
			sourceTree = "<group>";
		};
		F81F653A1E73DC9900FE97DB /* firmware */ = {
			isa = PBXGroup;
			children = (
				F81F653B1E73DCBC00FE97DB /* firmwareInfo.plist */,
				F81F653C1E73DCBC00FE97DB /* senstick_xxaa_s110_release_rev108.zip */,
				F81F653D1E73DCBC00FE97DB /* senstick_xxaa_s132_release_rev108.zip */,
			);
			name = firmware;
			sourceTree = "<group>";
		};
/* End PBXGroup section */

/* Begin PBXNativeTarget section */
		F81F64F71E73DB3600FE97DB /* SenStickViewer */ = {
			isa = PBXNativeTarget;
			buildConfigurationList = F81F650A1E73DB3600FE97DB /* Build configuration list for PBXNativeTarget "SenStickViewer" */;
			buildPhases = (
				6CCD2A0FFF538CDCBC11AA11 /* [CP] Check Pods Manifest.lock */,
				F81F64F41E73DB3600FE97DB /* Sources */,
				F81F64F51E73DB3600FE97DB /* Frameworks */,
				F81F64F61E73DB3600FE97DB /* Resources */,
				D7200E24820BFB6D95F05F1C /* [CP] Embed Pods Frameworks */,
				0DC02CAE6883ED4465AFA4C2 /* [CP] Copy Pods Resources */,
			);
			buildRules = (
			);
			dependencies = (
			);
			name = SenStickViewer;
			productName = SenStickViewer;
			productReference = F81F64F81E73DB3600FE97DB /* SenStickViewer.app */;
			productType = "com.apple.product-type.application";
		};
		F81F65631E73E24800FE97DB /* SenStickViewer_deploygate */ = {
			isa = PBXNativeTarget;
			buildConfigurationList = F81F65841E73E24800FE97DB /* Build configuration list for PBXNativeTarget "SenStickViewer_deploygate" */;
			buildPhases = (
				F81F65641E73E24800FE97DB /* [CP] Check Pods Manifest.lock */,
				F81F65651E73E24800FE97DB /* Sources */,
				F81F657A1E73E24800FE97DB /* Frameworks */,
				F81F657C1E73E24800FE97DB /* Resources */,
				F81F65821E73E24800FE97DB /* [CP] Embed Pods Frameworks */,
				F81F65831E73E24800FE97DB /* [CP] Copy Pods Resources */,
			);
			buildRules = (
			);
			dependencies = (
			);
			name = SenStickViewer_deploygate;
			productName = SenStickViewer;
			productReference = F81F65871E73E24800FE97DB /* SenStickViewer_deploygate.app */;
			productType = "com.apple.product-type.application";
		};
/* End PBXNativeTarget section */

/* Begin PBXProject section */
		F81F64F01E73DB3600FE97DB /* Project object */ = {
			isa = PBXProject;
			attributes = {
				LastSwiftUpdateCheck = 0820;
				LastUpgradeCheck = 0820;
				ORGANIZATIONNAME = AkihiroUehara;
				TargetAttributes = {
					F81F64F71E73DB3600FE97DB = {
						CreatedOnToolsVersion = 8.2.1;
						DevelopmentTeam = ZY6FK4H66Q;
						LastSwiftMigration = 0820;
						ProvisioningStyle = Automatic;
					};
					F81F65631E73E24800FE97DB = {
						DevelopmentTeam = 3RPD2RKGX8;
					};
				};
			};
			buildConfigurationList = F81F64F31E73DB3600FE97DB /* Build configuration list for PBXProject "SenStickViewer" */;
			compatibilityVersion = "Xcode 3.2";
			developmentRegion = English;
			hasScannedForEncodings = 0;
			knownRegions = (
				en,
				Base,
				ja,
			);
			mainGroup = F81F64EF1E73DB3600FE97DB;
			productRefGroup = F81F64F91E73DB3600FE97DB /* Products */;
			projectDirPath = "";
			projectRoot = "";
			targets = (
				F81F64F71E73DB3600FE97DB /* SenStickViewer */,
				F81F65631E73E24800FE97DB /* SenStickViewer_deploygate */,
			);
		};
/* End PBXProject section */

/* Begin PBXResourcesBuildPhase section */
		F81F64F61E73DB3600FE97DB /* Resources */ = {
			isa = PBXResourcesBuildPhase;
			buildActionMask = 2147483647;
			files = (
				769B7A9B1F61C3FB005A461D /* Main.storyboard in Resources */,
				F81F653F1E73DCBC00FE97DB /* senstick_xxaa_s110_release_rev108.zip in Resources */,
				F81F650E1E73DBB200FE97DB /* images.xcassets in Resources */,
				F81F65401E73DCBC00FE97DB /* senstick_xxaa_s132_release_rev108.zip in Resources */,
				F81F658B1E73FBA000FE97DB /* LaunchScreen.storyboard in Resources */,
				F81F65031E73DB3600FE97DB /* Assets.xcassets in Resources */,
				F81F653E1E73DCBC00FE97DB /* firmwareInfo.plist in Resources */,
			);
			runOnlyForDeploymentPostprocessing = 0;
		};
		F81F657C1E73E24800FE97DB /* Resources */ = {
			isa = PBXResourcesBuildPhase;
			buildActionMask = 2147483647;
			files = (
				769B7A9C1F61C3FB005A461D /* Main.storyboard in Resources */,
				F81F657D1E73E24800FE97DB /* senstick_xxaa_s110_release_rev108.zip in Resources */,
				F81F657E1E73E24800FE97DB /* images.xcassets in Resources */,
				F81F657F1E73E24800FE97DB /* senstick_xxaa_s132_release_rev108.zip in Resources */,
				F81F658C1E73FBA000FE97DB /* LaunchScreen.storyboard in Resources */,
				F81F65801E73E24800FE97DB /* Assets.xcassets in Resources */,
				F81F65811E73E24800FE97DB /* firmwareInfo.plist in Resources */,
			);
			runOnlyForDeploymentPostprocessing = 0;
		};
/* End PBXResourcesBuildPhase section */

/* Begin PBXShellScriptBuildPhase section */
		0DC02CAE6883ED4465AFA4C2 /* [CP] Copy Pods Resources */ = {
			isa = PBXShellScriptBuildPhase;
			buildActionMask = 2147483647;
			files = (
			);
			inputPaths = (
			);
			name = "[CP] Copy Pods Resources";
			outputPaths = (
			);
			runOnlyForDeploymentPostprocessing = 0;
			shellPath = /bin/sh;
			shellScript = "\"${SRCROOT}/../Pods/Target Support Files/Pods-SenStickViewer/Pods-SenStickViewer-resources.sh\"\n";
			showEnvVarsInLog = 0;
		};
		6CCD2A0FFF538CDCBC11AA11 /* [CP] Check Pods Manifest.lock */ = {
			isa = PBXShellScriptBuildPhase;
			buildActionMask = 2147483647;
			files = (
			);
			inputPaths = (
			);
			name = "[CP] Check Pods Manifest.lock";
			outputPaths = (
			);
			runOnlyForDeploymentPostprocessing = 0;
			shellPath = /bin/sh;
			shellScript = "diff \"${PODS_PODFILE_DIR_PATH}/Podfile.lock\" \"${PODS_ROOT}/Manifest.lock\" > /dev/null\nif [ $? != 0 ] ; then\n    # print error to STDERR\n    echo \"error: The sandbox is not in sync with the Podfile.lock. Run 'pod install' or update your CocoaPods installation.\" >&2\n    exit 1\nfi\n";
			showEnvVarsInLog = 0;
		};
		D7200E24820BFB6D95F05F1C /* [CP] Embed Pods Frameworks */ = {
			isa = PBXShellScriptBuildPhase;
			buildActionMask = 2147483647;
			files = (
			);
			inputPaths = (
			);
			name = "[CP] Embed Pods Frameworks";
			outputPaths = (
			);
			runOnlyForDeploymentPostprocessing = 0;
			shellPath = /bin/sh;
			shellScript = "\"${SRCROOT}/../Pods/Target Support Files/Pods-SenStickViewer/Pods-SenStickViewer-frameworks.sh\"\n";
			showEnvVarsInLog = 0;
		};
		F81F65641E73E24800FE97DB /* [CP] Check Pods Manifest.lock */ = {
			isa = PBXShellScriptBuildPhase;
			buildActionMask = 2147483647;
			files = (
			);
			inputPaths = (
			);
			name = "[CP] Check Pods Manifest.lock";
			outputPaths = (
			);
			runOnlyForDeploymentPostprocessing = 0;
			shellPath = /bin/sh;
			shellScript = "diff \"${PODS_PODFILE_DIR_PATH}/Podfile.lock\" \"${PODS_ROOT}/Manifest.lock\" > /dev/null\nif [ $? != 0 ] ; then\n    # print error to STDERR\n    echo \"error: The sandbox is not in sync with the Podfile.lock. Run 'pod install' or update your CocoaPods installation.\" >&2\n    exit 1\nfi\n";
			showEnvVarsInLog = 0;
		};
		F81F65821E73E24800FE97DB /* [CP] Embed Pods Frameworks */ = {
			isa = PBXShellScriptBuildPhase;
			buildActionMask = 2147483647;
			files = (
			);
			inputPaths = (
			);
			name = "[CP] Embed Pods Frameworks";
			outputPaths = (
			);
			runOnlyForDeploymentPostprocessing = 0;
			shellPath = /bin/sh;
			shellScript = "\"${SRCROOT}/../Pods/Target Support Files/Pods-SenStickViewer/Pods-SenStickViewer-frameworks.sh\"\n";
			showEnvVarsInLog = 0;
		};
		F81F65831E73E24800FE97DB /* [CP] Copy Pods Resources */ = {
			isa = PBXShellScriptBuildPhase;
			buildActionMask = 2147483647;
			files = (
			);
			inputPaths = (
			);
			name = "[CP] Copy Pods Resources";
			outputPaths = (
			);
			runOnlyForDeploymentPostprocessing = 0;
			shellPath = /bin/sh;
			shellScript = "\"${SRCROOT}/../Pods/Target Support Files/Pods-SenStickViewer/Pods-SenStickViewer-resources.sh\"\n";
			showEnvVarsInLog = 0;
		};
/* End PBXShellScriptBuildPhase section */

/* Begin PBXSourcesBuildPhase section */
		F81F64F41E73DB3600FE97DB /* Sources */ = {
			isa = PBXSourcesBuildPhase;
			buildActionMask = 2147483647;
			files = (
				F81F65241E73DC3100FE97DB /* MagneticFieldDataModel.swift in Sources */,
				F81F65261E73DC3100FE97DB /* DataGraphView.swift in Sources */,
				F81F65311E73DC3100FE97DB /* DeviceListCellView.swift in Sources */,
				F81F652F1E73DC3100FE97DB /* UVDataModel.swift in Sources */,
				F81F652D1E73DC3100FE97DB /* PressureDataModel.swift in Sources */,
				F81F652B1E73DC3100FE97DB /* GyroDataModel.swift in Sources */,
				F81F65301E73DC3100FE97DB /* DeviceInformationViewController.swift in Sources */,
				F81F65341E73DC3100FE97DB /* SamplingDurationViewController.swift in Sources */,
				F81F65371E73DC3100FE97DB /* AppDelegate.swift in Sources */,
				F81F65271E73DC3100FE97DB /* SensorDataCellView.swift in Sources */,
				F81F65291E73DC3100FE97DB /* AccelerationDataModel.swift in Sources */,
				F81F65361E73DC3100FE97DB /* DetailViewController.swift in Sources */,
				F81F65351E73DC3100FE97DB /* SensorDataViewController.swift in Sources */,
				F81F652C1E73DC3100FE97DB /* HumidityDataModel.swift in Sources */,
				F81F65251E73DC3100FE97DB /* DeviceTableViewController.swift in Sources */,
				F81F65281E73DC3100FE97DB /* SensorStatusCellView.swift in Sources */,
				F81F65331E73DC3100FE97DB /* LogReaderViewController.swift in Sources */,
				F81F652A1E73DC3100FE97DB /* BrightnessDataModel.swift in Sources */,
				F81F65321E73DC3100FE97DB /* LogListViewController.swift in Sources */,
				F81F652E1E73DC3100FE97DB /* SensorDataModel.swift in Sources */,
			);
			runOnlyForDeploymentPostprocessing = 0;
		};
		F81F65651E73E24800FE97DB /* Sources */ = {
			isa = PBXSourcesBuildPhase;
			buildActionMask = 2147483647;
			files = (
				F81F65661E73E24800FE97DB /* MagneticFieldDataModel.swift in Sources */,
				F81F65671E73E24800FE97DB /* DataGraphView.swift in Sources */,
				F81F65681E73E24800FE97DB /* DeviceListCellView.swift in Sources */,
				F81F65691E73E24800FE97DB /* UVDataModel.swift in Sources */,
				F81F656A1E73E24800FE97DB /* PressureDataModel.swift in Sources */,
				F81F656B1E73E24800FE97DB /* GyroDataModel.swift in Sources */,
				F81F656C1E73E24800FE97DB /* DeviceInformationViewController.swift in Sources */,
				F81F656D1E73E24800FE97DB /* SamplingDurationViewController.swift in Sources */,
				F81F656E1E73E24800FE97DB /* AppDelegate.swift in Sources */,
				F81F656F1E73E24800FE97DB /* SensorDataCellView.swift in Sources */,
				F81F65701E73E24800FE97DB /* AccelerationDataModel.swift in Sources */,
				F81F65711E73E24800FE97DB /* DetailViewController.swift in Sources */,
				F81F65721E73E24800FE97DB /* SensorDataViewController.swift in Sources */,
				F81F65731E73E24800FE97DB /* HumidityDataModel.swift in Sources */,
				F81F65741E73E24800FE97DB /* DeviceTableViewController.swift in Sources */,
				F81F65751E73E24800FE97DB /* SensorStatusCellView.swift in Sources */,
				F81F65761E73E24800FE97DB /* LogReaderViewController.swift in Sources */,
				F81F65771E73E24800FE97DB /* BrightnessDataModel.swift in Sources */,
				F81F65781E73E24800FE97DB /* LogListViewController.swift in Sources */,
				F81F65791E73E24800FE97DB /* SensorDataModel.swift in Sources */,
			);
			runOnlyForDeploymentPostprocessing = 0;
		};
/* End PBXSourcesBuildPhase section */

/* Begin PBXVariantGroup section */
		769B7A9E1F61C3FB005A461D /* Main.storyboard */ = {
			isa = PBXVariantGroup;
			children = (
				769B7A9D1F61C3FB005A461D /* Base */,
				769B7AA01F61C400005A461D /* ja */,
			);
			name = Main.storyboard;
			sourceTree = "<group>";
		};
/* End PBXVariantGroup section */

/* Begin XCBuildConfiguration section */
		F81F65081E73DB3600FE97DB /* Debug */ = {
			isa = XCBuildConfiguration;
			buildSettings = {
				ALWAYS_SEARCH_USER_PATHS = NO;
				CLANG_ANALYZER_LOCALIZABILITY_NONLOCALIZED = YES;
				CLANG_ANALYZER_NONNULL = YES;
				CLANG_CXX_LANGUAGE_STANDARD = "gnu++0x";
				CLANG_CXX_LIBRARY = "libc++";
				CLANG_ENABLE_MODULES = YES;
				CLANG_ENABLE_OBJC_ARC = YES;
				CLANG_WARN_BOOL_CONVERSION = YES;
				CLANG_WARN_CONSTANT_CONVERSION = YES;
				CLANG_WARN_DIRECT_OBJC_ISA_USAGE = YES_ERROR;
				CLANG_WARN_DOCUMENTATION_COMMENTS = YES;
				CLANG_WARN_EMPTY_BODY = YES;
				CLANG_WARN_ENUM_CONVERSION = YES;
				CLANG_WARN_INFINITE_RECURSION = YES;
				CLANG_WARN_INT_CONVERSION = YES;
				CLANG_WARN_OBJC_ROOT_CLASS = YES_ERROR;
				CLANG_WARN_SUSPICIOUS_MOVE = YES;
				CLANG_WARN_UNREACHABLE_CODE = YES;
				CLANG_WARN__DUPLICATE_METHOD_MATCH = YES;
				"CODE_SIGN_IDENTITY[sdk=iphoneos*]" = "iPhone Developer";
				COPY_PHASE_STRIP = NO;
				DEBUG_INFORMATION_FORMAT = dwarf;
				ENABLE_STRICT_OBJC_MSGSEND = YES;
				ENABLE_TESTABILITY = YES;
				GCC_C_LANGUAGE_STANDARD = gnu99;
				GCC_DYNAMIC_NO_PIC = NO;
				GCC_NO_COMMON_BLOCKS = YES;
				GCC_OPTIMIZATION_LEVEL = 0;
				GCC_PREPROCESSOR_DEFINITIONS = (
					"DEBUG=1",
					"$(inherited)",
				);
				GCC_WARN_64_TO_32_BIT_CONVERSION = YES;
				GCC_WARN_ABOUT_RETURN_TYPE = YES_ERROR;
				GCC_WARN_UNDECLARED_SELECTOR = YES;
				GCC_WARN_UNINITIALIZED_AUTOS = YES_AGGRESSIVE;
				GCC_WARN_UNUSED_FUNCTION = YES;
				GCC_WARN_UNUSED_VARIABLE = YES;
				IPHONEOS_DEPLOYMENT_TARGET = 9.0;
				MTL_ENABLE_DEBUG_INFO = YES;
				ONLY_ACTIVE_ARCH = YES;
				SDKROOT = iphoneos;
				SWIFT_ACTIVE_COMPILATION_CONDITIONS = DEBUG;
				SWIFT_OPTIMIZATION_LEVEL = "-Onone";
			};
			name = Debug;
		};
		F81F65091E73DB3600FE97DB /* Release */ = {
			isa = XCBuildConfiguration;
			buildSettings = {
				ALWAYS_SEARCH_USER_PATHS = NO;
				CLANG_ANALYZER_LOCALIZABILITY_NONLOCALIZED = YES;
				CLANG_ANALYZER_NONNULL = YES;
				CLANG_CXX_LANGUAGE_STANDARD = "gnu++0x";
				CLANG_CXX_LIBRARY = "libc++";
				CLANG_ENABLE_MODULES = YES;
				CLANG_ENABLE_OBJC_ARC = YES;
				CLANG_WARN_BOOL_CONVERSION = YES;
				CLANG_WARN_CONSTANT_CONVERSION = YES;
				CLANG_WARN_DIRECT_OBJC_ISA_USAGE = YES_ERROR;
				CLANG_WARN_DOCUMENTATION_COMMENTS = YES;
				CLANG_WARN_EMPTY_BODY = YES;
				CLANG_WARN_ENUM_CONVERSION = YES;
				CLANG_WARN_INFINITE_RECURSION = YES;
				CLANG_WARN_INT_CONVERSION = YES;
				CLANG_WARN_OBJC_ROOT_CLASS = YES_ERROR;
				CLANG_WARN_SUSPICIOUS_MOVE = YES;
				CLANG_WARN_UNREACHABLE_CODE = YES;
				CLANG_WARN__DUPLICATE_METHOD_MATCH = YES;
				"CODE_SIGN_IDENTITY[sdk=iphoneos*]" = "iPhone Developer";
				COPY_PHASE_STRIP = NO;
				DEBUG_INFORMATION_FORMAT = "dwarf-with-dsym";
				ENABLE_NS_ASSERTIONS = NO;
				ENABLE_STRICT_OBJC_MSGSEND = YES;
				GCC_C_LANGUAGE_STANDARD = gnu99;
				GCC_NO_COMMON_BLOCKS = YES;
				GCC_WARN_64_TO_32_BIT_CONVERSION = YES;
				GCC_WARN_ABOUT_RETURN_TYPE = YES_ERROR;
				GCC_WARN_UNDECLARED_SELECTOR = YES;
				GCC_WARN_UNINITIALIZED_AUTOS = YES_AGGRESSIVE;
				GCC_WARN_UNUSED_FUNCTION = YES;
				GCC_WARN_UNUSED_VARIABLE = YES;
				IPHONEOS_DEPLOYMENT_TARGET = 9.0;
				MTL_ENABLE_DEBUG_INFO = NO;
				SDKROOT = iphoneos;
				SWIFT_OPTIMIZATION_LEVEL = "-Owholemodule";
				VALIDATE_PRODUCT = YES;
			};
			name = Release;
		};
		F81F650B1E73DB3600FE97DB /* Debug */ = {
			isa = XCBuildConfiguration;
			baseConfigurationReference = 5CA60ACDC07F37F2ECABE545 /* Pods-SenStickViewer.debug.xcconfig */;
			buildSettings = {
				ASSETCATALOG_COMPILER_APPICON_NAME = AppIcon;
				CLANG_ENABLE_MODULES = YES;
				DEVELOPMENT_TEAM = ZY6FK4H66Q;
				INFOPLIST_FILE = SenStickViewer/Info.plist;
				IPHONEOS_DEPLOYMENT_TARGET = 10.3;
				LD_RUNPATH_SEARCH_PATHS = "$(inherited) @executable_path/Frameworks";
				PRODUCT_BUNDLE_IDENTIFIER = "com-ma-tilde-SenStickViewer";
				PRODUCT_NAME = "$(TARGET_NAME)";
				SWIFT_OBJC_BRIDGING_HEADER = "SenStickViewer/SenStickViewer-Bridging-Header.h";
				SWIFT_OPTIMIZATION_LEVEL = "-Onone";
				SWIFT_VERSION = 3.0;
				TARGETED_DEVICE_FAMILY = 1;
			};
			name = Debug;
		};
		F81F650C1E73DB3600FE97DB /* Release */ = {
			isa = XCBuildConfiguration;
			baseConfigurationReference = 37E9A3A2671568003EF9D0F1 /* Pods-SenStickViewer.release.xcconfig */;
			buildSettings = {
				ASSETCATALOG_COMPILER_APPICON_NAME = AppIcon;
				CLANG_ENABLE_MODULES = YES;
				DEVELOPMENT_TEAM = ZY6FK4H66Q;
				INFOPLIST_FILE = SenStickViewer/Info.plist;
				IPHONEOS_DEPLOYMENT_TARGET = 10.3;
				LD_RUNPATH_SEARCH_PATHS = "$(inherited) @executable_path/Frameworks";
				PRODUCT_BUNDLE_IDENTIFIER = "com-ma-tilde-SenStickViewer";
				PRODUCT_NAME = "$(TARGET_NAME)";
				SWIFT_OBJC_BRIDGING_HEADER = "SenStickViewer/SenStickViewer-Bridging-Header.h";
				SWIFT_VERSION = 3.0;
				TARGETED_DEVICE_FAMILY = 1;
			};
			name = Release;
		};
		F81F65851E73E24800FE97DB /* Debug */ = {
			isa = XCBuildConfiguration;
			baseConfigurationReference = 5CA60ACDC07F37F2ECABE545 /* Pods-SenStickViewer.debug.xcconfig */;
			buildSettings = {
				ASSETCATALOG_COMPILER_APPICON_NAME = AppIcon;
				CLANG_ENABLE_MODULES = YES;
				DEVELOPMENT_TEAM = 3RPD2RKGX8;
				INFOPLIST_FILE = "SenStickViewer copy-Info.plist";
				LD_RUNPATH_SEARCH_PATHS = "$(inherited) @executable_path/Frameworks";
				PRODUCT_BUNDLE_IDENTIFIER = com.wafuu.SenStickViewer;
				PRODUCT_NAME = "$(TARGET_NAME)";
				SWIFT_OBJC_BRIDGING_HEADER = "SenStickViewer/SenStickViewer-Bridging-Header.h";
				SWIFT_OPTIMIZATION_LEVEL = "-Onone";
				SWIFT_VERSION = 3.0;
			};
			name = Debug;
		};
		F81F65861E73E24800FE97DB /* Release */ = {
			isa = XCBuildConfiguration;
			baseConfigurationReference = 37E9A3A2671568003EF9D0F1 /* Pods-SenStickViewer.release.xcconfig */;
			buildSettings = {
				ASSETCATALOG_COMPILER_APPICON_NAME = AppIcon;
				CLANG_ENABLE_MODULES = YES;
				DEVELOPMENT_TEAM = 3RPD2RKGX8;
				INFOPLIST_FILE = "SenStickViewer copy-Info.plist";
				LD_RUNPATH_SEARCH_PATHS = "$(inherited) @executable_path/Frameworks";
				PRODUCT_BUNDLE_IDENTIFIER = com.wafuu.SenStickViewer;
				PRODUCT_NAME = "$(TARGET_NAME)";
				SWIFT_OBJC_BRIDGING_HEADER = "SenStickViewer/SenStickViewer-Bridging-Header.h";
				SWIFT_VERSION = 3.0;
			};
			name = Release;
		};
/* End XCBuildConfiguration section */

/* Begin XCConfigurationList section */
		F81F64F31E73DB3600FE97DB /* Build configuration list for PBXProject "SenStickViewer" */ = {
			isa = XCConfigurationList;
			buildConfigurations = (
				F81F65081E73DB3600FE97DB /* Debug */,
				F81F65091E73DB3600FE97DB /* Release */,
			);
			defaultConfigurationIsVisible = 0;
			defaultConfigurationName = Release;
		};
		F81F650A1E73DB3600FE97DB /* Build configuration list for PBXNativeTarget "SenStickViewer" */ = {
			isa = XCConfigurationList;
			buildConfigurations = (
				F81F650B1E73DB3600FE97DB /* Debug */,
				F81F650C1E73DB3600FE97DB /* Release */,
			);
			defaultConfigurationIsVisible = 0;
			defaultConfigurationName = Release;
		};
		F81F65841E73E24800FE97DB /* Build configuration list for PBXNativeTarget "SenStickViewer_deploygate" */ = {
			isa = XCConfigurationList;
			buildConfigurations = (
				F81F65851E73E24800FE97DB /* Debug */,
				F81F65861E73E24800FE97DB /* Release */,
			);
			defaultConfigurationIsVisible = 0;
			defaultConfigurationName = Release;
		};
/* End XCConfigurationList section */
	};
	rootObject = F81F64F01E73DB3600FE97DB /* Project object */;
}
