// !$*UTF8*$!
{
	archiveVersion = 1;
	classes = {
	};
	objectVersion = 46;
	objects = {

/* Begin PBXBuildFile section */
		F80AD0AE1CAA662C00291197 /* SenStickControlService.swift in Sources */ = {isa = PBXBuildFile; fileRef = F80AD0AD1CAA662C00291197 /* SenStickControlService.swift */; };
		F80AD0B01CAA667E00291197 /* SenStickService.swift in Sources */ = {isa = PBXBuildFile; fileRef = F80AD0AF1CAA667E00291197 /* SenStickService.swift */; };
		F856CA881CC1162A00C30744 /* NSDate+PackableType.swift in Sources */ = {isa = PBXBuildFile; fileRef = F856CA871CC1162A00C30744 /* NSDate+PackableType.swift */; };
		F856CA8A1CC1186700C30744 /* SenStickMetaDataService.swift in Sources */ = {isa = PBXBuildFile; fileRef = F856CA891CC1186700C30744 /* SenStickMetaDataService.swift */; };
		F86322B21C979B20001B53A0 /* SenStickSDK.h in Headers */ = {isa = PBXBuildFile; fileRef = F86322B11C979B20001B53A0 /* SenStickSDK.h */; settings = {ATTRIBUTES = (Public, ); }; };
		F86322C61C97B7B3001B53A0 /* SenStickDeviceManager.swift in Sources */ = {isa = PBXBuildFile; fileRef = F86322C51C97B7B3001B53A0 /* SenStickDeviceManager.swift */; };
		F86322C81C97B7BF001B53A0 /* SenStickDevice.swift in Sources */ = {isa = PBXBuildFile; fileRef = F86322C71C97B7BF001B53A0 /* SenStickDevice.swift */; };
		F86322D01C98E44B001B53A0 /* SenStickUUIDs.swift in Sources */ = {isa = PBXBuildFile; fileRef = F86322CF1C98E44B001B53A0 /* SenStickUUIDs.swift */; };
		F86E76921CF3CAB8001D9DD5 /* GyroSensorService.swift in Sources */ = {isa = PBXBuildFile; fileRef = F86E76911CF3CAB8001D9DD5 /* GyroSensorService.swift */; };
		F86E76941CF3D02C001D9DD5 /* MagneticFieldSensorService.swift in Sources */ = {isa = PBXBuildFile; fileRef = F86E76931CF3D02C001D9DD5 /* MagneticFieldSensorService.swift */; };
		F86E76961CF3DDEC001D9DD5 /* BrightnessSensorService.swift in Sources */ = {isa = PBXBuildFile; fileRef = F86E76951CF3DDEC001D9DD5 /* BrightnessSensorService.swift */; };
		F86E76981CF3E8C0001D9DD5 /* UVSensorService.swift in Sources */ = {isa = PBXBuildFile; fileRef = F86E76971CF3E8C0001D9DD5 /* UVSensorService.swift */; };
		F86E769A1CF414A6001D9DD5 /* HumiditySensorService.swift in Sources */ = {isa = PBXBuildFile; fileRef = F86E76991CF414A6001D9DD5 /* HumiditySensorService.swift */; };
		F86E769C1CF42B43001D9DD5 /* PressureSensorService.swift in Sources */ = {isa = PBXBuildFile; fileRef = F86E769B1CF42B43001D9DD5 /* PressureSensorService.swift */; };
		F8C17DEB1CC5C09A00030B99 /* SenStickSensorService.swift in Sources */ = {isa = PBXBuildFile; fileRef = F8C17DEA1CC5C09A00030B99 /* SenStickSensorService.swift */; };
		F8C17DED1CC6658D00030B99 /* PackableType.swift in Sources */ = {isa = PBXBuildFile; fileRef = F8C17DEC1CC6658D00030B99 /* PackableType.swift */; };
		F8C17DEF1CC6660000030B99 /* SensorSettingData.swift in Sources */ = {isa = PBXBuildFile; fileRef = F8C17DEE1CC6660000030B99 /* SensorSettingData.swift */; };
		F8C17DF51CC7031300030B99 /* SenStickControlCommand.swift in Sources */ = {isa = PBXBuildFile; fileRef = F8C17DF41CC7031300030B99 /* SenStickControlCommand.swift */; };
		F8C17DF71CC704CB00030B99 /* SenStickStatus.swift in Sources */ = {isa = PBXBuildFile; fileRef = F8C17DF61CC704CB00030B99 /* SenStickStatus.swift */; };
		F8C17DF91CC704EF00030B99 /* SenStickSensorType.swift in Sources */ = {isa = PBXBuildFile; fileRef = F8C17DF81CC704EF00030B99 /* SenStickSensorType.swift */; };
		F8C17DFB1CC70CED00030B99 /* SamplingDurationType.swift in Sources */ = {isa = PBXBuildFile; fileRef = F8C17DFA1CC70CED00030B99 /* SamplingDurationType.swift */; };
		F8C17DFD1CC70EE700030B99 /* SensorDataPackable.swift in Sources */ = {isa = PBXBuildFile; fileRef = F8C17DFC1CC70EE700030B99 /* SensorDataPackable.swift */; };
		F8C17DFF1CC7161F00030B99 /* SensorLogID.swift in Sources */ = {isa = PBXBuildFile; fileRef = F8C17DFE1CC7161F00030B99 /* SensorLogID.swift */; };
		F8C17E021CC9AF9700030B99 /* SensorLogMetaData.swift in Sources */ = {isa = PBXBuildFile; fileRef = F8C17E011CC9AF9700030B99 /* SensorLogMetaData.swift */; };
		F8C17E061CCB071D00030B99 /* AccelerationSensorService.swift in Sources */ = {isa = PBXBuildFile; fileRef = F8C17E051CCB071D00030B99 /* AccelerationSensorService.swift */; };
		F8CAF9E71D0BACBE0044FFBF /* DeviceInformationService.swift in Sources */ = {isa = PBXBuildFile; fileRef = F8CAF9E61D0BACBE0044FFBF /* DeviceInformationService.swift */; };
		F8CAF9E91D0BCB4B0044FFBF /* BatteryService.swift in Sources */ = {isa = PBXBuildFile; fileRef = F8CAF9E81D0BCB4B0044FFBF /* BatteryService.swift */; };
/* End PBXBuildFile section */

/* Begin PBXFileReference section */
		F80AD0AD1CAA662C00291197 /* SenStickControlService.swift */ = {isa = PBXFileReference; fileEncoding = 4; lastKnownFileType = sourcecode.swift; path = SenStickControlService.swift; sourceTree = "<group>"; };
		F80AD0AF1CAA667E00291197 /* SenStickService.swift */ = {isa = PBXFileReference; fileEncoding = 4; lastKnownFileType = sourcecode.swift; path = SenStickService.swift; sourceTree = "<group>"; };
		F856CA871CC1162A00C30744 /* NSDate+PackableType.swift */ = {isa = PBXFileReference; fileEncoding = 4; lastKnownFileType = sourcecode.swift; path = "NSDate+PackableType.swift"; sourceTree = "<group>"; };
		F856CA891CC1186700C30744 /* SenStickMetaDataService.swift */ = {isa = PBXFileReference; fileEncoding = 4; lastKnownFileType = sourcecode.swift; path = SenStickMetaDataService.swift; sourceTree = "<group>"; };
		F86322AE1C979B20001B53A0 /* SenStickSDK.framework */ = {isa = PBXFileReference; explicitFileType = wrapper.framework; includeInIndex = 0; path = SenStickSDK.framework; sourceTree = BUILT_PRODUCTS_DIR; };
		F86322B11C979B20001B53A0 /* SenStickSDK.h */ = {isa = PBXFileReference; lastKnownFileType = sourcecode.c.h; path = SenStickSDK.h; sourceTree = "<group>"; };
		F86322B31C979B20001B53A0 /* Info.plist */ = {isa = PBXFileReference; lastKnownFileType = text.plist.xml; path = Info.plist; sourceTree = "<group>"; };
		F86322C51C97B7B3001B53A0 /* SenStickDeviceManager.swift */ = {isa = PBXFileReference; fileEncoding = 4; lastKnownFileType = sourcecode.swift; path = SenStickDeviceManager.swift; sourceTree = "<group>"; };
		F86322C71C97B7BF001B53A0 /* SenStickDevice.swift */ = {isa = PBXFileReference; fileEncoding = 4; lastKnownFileType = sourcecode.swift; path = SenStickDevice.swift; sourceTree = "<group>"; };
		F86322CF1C98E44B001B53A0 /* SenStickUUIDs.swift */ = {isa = PBXFileReference; fileEncoding = 4; lastKnownFileType = sourcecode.swift; path = SenStickUUIDs.swift; sourceTree = "<group>"; };
		F86E76911CF3CAB8001D9DD5 /* GyroSensorService.swift */ = {isa = PBXFileReference; fileEncoding = 4; lastKnownFileType = sourcecode.swift; path = GyroSensorService.swift; sourceTree = "<group>"; };
		F86E76931CF3D02C001D9DD5 /* MagneticFieldSensorService.swift */ = {isa = PBXFileReference; fileEncoding = 4; lastKnownFileType = sourcecode.swift; path = MagneticFieldSensorService.swift; sourceTree = "<group>"; };
		F86E76951CF3DDEC001D9DD5 /* BrightnessSensorService.swift */ = {isa = PBXFileReference; fileEncoding = 4; lastKnownFileType = sourcecode.swift; path = BrightnessSensorService.swift; sourceTree = "<group>"; };
		F86E76971CF3E8C0001D9DD5 /* UVSensorService.swift */ = {isa = PBXFileReference; fileEncoding = 4; lastKnownFileType = sourcecode.swift; path = UVSensorService.swift; sourceTree = "<group>"; };
		F86E76991CF414A6001D9DD5 /* HumiditySensorService.swift */ = {isa = PBXFileReference; fileEncoding = 4; lastKnownFileType = sourcecode.swift; path = HumiditySensorService.swift; sourceTree = "<group>"; };
		F86E769B1CF42B43001D9DD5 /* PressureSensorService.swift */ = {isa = PBXFileReference; fileEncoding = 4; lastKnownFileType = sourcecode.swift; path = PressureSensorService.swift; sourceTree = "<group>"; };
		F8A0BA261CA4DE260099B235 /* MyPlayground.playground */ = {isa = PBXFileReference; lastKnownFileType = file.playground; path = MyPlayground.playground; sourceTree = "<group>"; };
		F8C17DEA1CC5C09A00030B99 /* SenStickSensorService.swift */ = {isa = PBXFileReference; fileEncoding = 4; lastKnownFileType = sourcecode.swift; path = SenStickSensorService.swift; sourceTree = "<group>"; };
		F8C17DEC1CC6658D00030B99 /* PackableType.swift */ = {isa = PBXFileReference; fileEncoding = 4; lastKnownFileType = sourcecode.swift; path = PackableType.swift; sourceTree = "<group>"; };
		F8C17DEE1CC6660000030B99 /* SensorSettingData.swift */ = {isa = PBXFileReference; fileEncoding = 4; lastKnownFileType = sourcecode.swift; path = SensorSettingData.swift; sourceTree = "<group>"; };
		F8C17DF41CC7031300030B99 /* SenStickControlCommand.swift */ = {isa = PBXFileReference; fileEncoding = 4; lastKnownFileType = sourcecode.swift; path = SenStickControlCommand.swift; sourceTree = "<group>"; };
		F8C17DF61CC704CB00030B99 /* SenStickStatus.swift */ = {isa = PBXFileReference; fileEncoding = 4; lastKnownFileType = sourcecode.swift; path = SenStickStatus.swift; sourceTree = "<group>"; };
		F8C17DF81CC704EF00030B99 /* SenStickSensorType.swift */ = {isa = PBXFileReference; fileEncoding = 4; lastKnownFileType = sourcecode.swift; path = SenStickSensorType.swift; sourceTree = "<group>"; };
		F8C17DFA1CC70CED00030B99 /* SamplingDurationType.swift */ = {isa = PBXFileReference; fileEncoding = 4; lastKnownFileType = sourcecode.swift; path = SamplingDurationType.swift; sourceTree = "<group>"; };
		F8C17DFC1CC70EE700030B99 /* SensorDataPackable.swift */ = {isa = PBXFileReference; fileEncoding = 4; lastKnownFileType = sourcecode.swift; path = SensorDataPackable.swift; sourceTree = "<group>"; };
		F8C17DFE1CC7161F00030B99 /* SensorLogID.swift */ = {isa = PBXFileReference; fileEncoding = 4; lastKnownFileType = sourcecode.swift; path = SensorLogID.swift; sourceTree = "<group>"; };
		F8C17E011CC9AF9700030B99 /* SensorLogMetaData.swift */ = {isa = PBXFileReference; fileEncoding = 4; lastKnownFileType = sourcecode.swift; path = SensorLogMetaData.swift; sourceTree = "<group>"; };
		F8C17E051CCB071D00030B99 /* AccelerationSensorService.swift */ = {isa = PBXFileReference; fileEncoding = 4; lastKnownFileType = sourcecode.swift; path = AccelerationSensorService.swift; sourceTree = "<group>"; };
		F8CAF9E61D0BACBE0044FFBF /* DeviceInformationService.swift */ = {isa = PBXFileReference; fileEncoding = 4; lastKnownFileType = sourcecode.swift; path = DeviceInformationService.swift; sourceTree = "<group>"; };
		F8CAF9E81D0BCB4B0044FFBF /* BatteryService.swift */ = {isa = PBXFileReference; fileEncoding = 4; lastKnownFileType = sourcecode.swift; path = BatteryService.swift; sourceTree = "<group>"; };
/* End PBXFileReference section */

/* Begin PBXFrameworksBuildPhase section */
		F86322AA1C979B20001B53A0 /* Frameworks */ = {
			isa = PBXFrameworksBuildPhase;
			buildActionMask = 2147483647;
			files = (
			);
			runOnlyForDeploymentPostprocessing = 0;
		};
/* End PBXFrameworksBuildPhase section */

/* Begin PBXGroup section */
		F80AD0B11CAA668400291197 /* Services */ = {
			isa = PBXGroup;
			children = (
				F80AD0AF1CAA667E00291197 /* SenStickService.swift */,
				F8CAF9E61D0BACBE0044FFBF /* DeviceInformationService.swift */,
				F8CAF9E81D0BCB4B0044FFBF /* BatteryService.swift */,
				F80AD0AD1CAA662C00291197 /* SenStickControlService.swift */,
				F856CA891CC1186700C30744 /* SenStickMetaDataService.swift */,
				F8C17E071CCC677700030B99 /* SensorServices */,
			);
			name = Services;
			sourceTree = "<group>";
		};
		F86322A41C979B20001B53A0 = {
			isa = PBXGroup;
			children = (
				F86322B01C979B20001B53A0 /* SenStickSDK */,
				F86322AF1C979B20001B53A0 /* Products */,
			);
			sourceTree = "<group>";
		};
		F86322AF1C979B20001B53A0 /* Products */ = {
			isa = PBXGroup;
			children = (
				F86322AE1C979B20001B53A0 /* SenStickSDK.framework */,
			);
			name = Products;
			sourceTree = "<group>";
		};
		F86322B01C979B20001B53A0 /* SenStickSDK */ = {
			isa = PBXGroup;
			children = (
				F8A0BA261CA4DE260099B235 /* MyPlayground.playground */,
				F86322B11C979B20001B53A0 /* SenStickSDK.h */,
				F86322B31C979B20001B53A0 /* Info.plist */,
				F86322CF1C98E44B001B53A0 /* SenStickUUIDs.swift */,
				F86322C51C97B7B3001B53A0 /* SenStickDeviceManager.swift */,
				F86322C71C97B7BF001B53A0 /* SenStickDevice.swift */,
				F80AD0B11CAA668400291197 /* Services */,
				F8C17DF31CC702D000030B99 /* Model */,
			);
			path = SenStickSDK;
			sourceTree = "<group>";
		};
		F8C17DF31CC702D000030B99 /* Model */ = {
			isa = PBXGroup;
			children = (
				F8C17DEC1CC6658D00030B99 /* PackableType.swift */,
				F856CA871CC1162A00C30744 /* NSDate+PackableType.swift */,
				F8C17DF61CC704CB00030B99 /* SenStickStatus.swift */,
				F8C17DF41CC7031300030B99 /* SenStickControlCommand.swift */,
				F8C17DF81CC704EF00030B99 /* SenStickSensorType.swift */,
				F8C17DFA1CC70CED00030B99 /* SamplingDurationType.swift */,
				F8C17DEE1CC6660000030B99 /* SensorSettingData.swift */,
				F8C17DFE1CC7161F00030B99 /* SensorLogID.swift */,
				F8C17E011CC9AF9700030B99 /* SensorLogMetaData.swift */,
			);
			name = Model;
			sourceTree = "<group>";
		};
		F8C17E071CCC677700030B99 /* SensorServices */ = {
			isa = PBXGroup;
			children = (
				F8C17DFC1CC70EE700030B99 /* SensorDataPackable.swift */,
				F8C17DEA1CC5C09A00030B99 /* SenStickSensorService.swift */,
				F8C17E051CCB071D00030B99 /* AccelerationSensorService.swift */,
				F86E76911CF3CAB8001D9DD5 /* GyroSensorService.swift */,
				F86E76931CF3D02C001D9DD5 /* MagneticFieldSensorService.swift */,
				F86E76951CF3DDEC001D9DD5 /* BrightnessSensorService.swift */,
				F86E76971CF3E8C0001D9DD5 /* UVSensorService.swift */,
				F86E76991CF414A6001D9DD5 /* HumiditySensorService.swift */,
				F86E769B1CF42B43001D9DD5 /* PressureSensorService.swift */,
			);
			name = SensorServices;
			sourceTree = "<group>";
		};
/* End PBXGroup section */

/* Begin PBXHeadersBuildPhase section */
		F86322AB1C979B20001B53A0 /* Headers */ = {
			isa = PBXHeadersBuildPhase;
			buildActionMask = 2147483647;
			files = (
				F86322B21C979B20001B53A0 /* SenStickSDK.h in Headers */,
			);
			runOnlyForDeploymentPostprocessing = 0;
		};
/* End PBXHeadersBuildPhase section */

/* Begin PBXNativeTarget section */
		F86322AD1C979B20001B53A0 /* SenStickSDK */ = {
			isa = PBXNativeTarget;
			buildConfigurationList = F86322B61C979B20001B53A0 /* Build configuration list for PBXNativeTarget "SenStickSDK" */;
			buildPhases = (
				F86322A91C979B20001B53A0 /* Sources */,
				F86322AA1C979B20001B53A0 /* Frameworks */,
				F86322AB1C979B20001B53A0 /* Headers */,
				F86322AC1C979B20001B53A0 /* Resources */,
			);
			buildRules = (
			);
			dependencies = (
			);
			name = SenStickSDK;
			productName = SenStickSDK;
			productReference = F86322AE1C979B20001B53A0 /* SenStickSDK.framework */;
			productType = "com.apple.product-type.framework";
		};
/* End PBXNativeTarget section */

/* Begin PBXProject section */
		F86322A51C979B20001B53A0 /* Project object */ = {
			isa = PBXProject;
			attributes = {
				LastUpgradeCheck = 0810;
				ORGANIZATIONNAME = AkihiroUehara;
				TargetAttributes = {
					F86322AD1C979B20001B53A0 = {
						CreatedOnToolsVersion = 7.2.1;
						DevelopmentTeam = 3RPD2RKGX8;
						LastSwiftMigration = 0800;
					};
				};
			};
			buildConfigurationList = F86322A81C979B20001B53A0 /* Build configuration list for PBXProject "SenStickSDK" */;
			compatibilityVersion = "Xcode 3.2";
			developmentRegion = English;
			hasScannedForEncodings = 0;
			knownRegions = (
				en,
			);
			mainGroup = F86322A41C979B20001B53A0;
			productRefGroup = F86322AF1C979B20001B53A0 /* Products */;
			projectDirPath = "";
			projectRoot = "";
			targets = (
				F86322AD1C979B20001B53A0 /* SenStickSDK */,
			);
		};
/* End PBXProject section */

/* Begin PBXResourcesBuildPhase section */
		F86322AC1C979B20001B53A0 /* Resources */ = {
			isa = PBXResourcesBuildPhase;
			buildActionMask = 2147483647;
			files = (
			);
			runOnlyForDeploymentPostprocessing = 0;
		};
/* End PBXResourcesBuildPhase section */

/* Begin PBXSourcesBuildPhase section */
		F86322A91C979B20001B53A0 /* Sources */ = {
			isa = PBXSourcesBuildPhase;
			buildActionMask = 2147483647;
			files = (
				F86E76961CF3DDEC001D9DD5 /* BrightnessSensorService.swift in Sources */,
				F8C17DEF1CC6660000030B99 /* SensorSettingData.swift in Sources */,
				F8CAF9E71D0BACBE0044FFBF /* DeviceInformationService.swift in Sources */,
				F856CA8A1CC1186700C30744 /* SenStickMetaDataService.swift in Sources */,
				F8C17DFD1CC70EE700030B99 /* SensorDataPackable.swift in Sources */,
				F86322C61C97B7B3001B53A0 /* SenStickDeviceManager.swift in Sources */,
				F8C17DF51CC7031300030B99 /* SenStickControlCommand.swift in Sources */,
				F86E769A1CF414A6001D9DD5 /* HumiditySensorService.swift in Sources */,
				F80AD0B01CAA667E00291197 /* SenStickService.swift in Sources */,
				F8C17E021CC9AF9700030B99 /* SensorLogMetaData.swift in Sources */,
				F86E76941CF3D02C001D9DD5 /* MagneticFieldSensorService.swift in Sources */,
				F8C17DFF1CC7161F00030B99 /* SensorLogID.swift in Sources */,
				F80AD0AE1CAA662C00291197 /* SenStickControlService.swift in Sources */,
				F86322C81C97B7BF001B53A0 /* SenStickDevice.swift in Sources */,
				F86E76921CF3CAB8001D9DD5 /* GyroSensorService.swift in Sources */,
				F8C17DEB1CC5C09A00030B99 /* SenStickSensorService.swift in Sources */,
				F8C17DFB1CC70CED00030B99 /* SamplingDurationType.swift in Sources */,
				F8CAF9E91D0BCB4B0044FFBF /* BatteryService.swift in Sources */,
				F86322D01C98E44B001B53A0 /* SenStickUUIDs.swift in Sources */,
				F8C17DF71CC704CB00030B99 /* SenStickStatus.swift in Sources */,
				F8C17DF91CC704EF00030B99 /* SenStickSensorType.swift in Sources */,
				F86E76981CF3E8C0001D9DD5 /* UVSensorService.swift in Sources */,
				F8C17DED1CC6658D00030B99 /* PackableType.swift in Sources */,
				F856CA881CC1162A00C30744 /* NSDate+PackableType.swift in Sources */,
				F8C17E061CCB071D00030B99 /* AccelerationSensorService.swift in Sources */,
				F86E769C1CF42B43001D9DD5 /* PressureSensorService.swift in Sources */,
			);
			runOnlyForDeploymentPostprocessing = 0;
		};
/* End PBXSourcesBuildPhase section */

/* Begin XCBuildConfiguration section */
		F86322B41C979B20001B53A0 /* Debug */ = {
			isa = XCBuildConfiguration;
			buildSettings = {
				ALWAYS_SEARCH_USER_PATHS = NO;
				CLANG_CXX_LANGUAGE_STANDARD = "gnu++0x";
				CLANG_CXX_LIBRARY = "libc++";
				CLANG_ENABLE_MODULES = YES;
				CLANG_ENABLE_OBJC_ARC = YES;
				CLANG_WARN_BOOL_CONVERSION = YES;
				CLANG_WARN_CONSTANT_CONVERSION = YES;
				CLANG_WARN_DIRECT_OBJC_ISA_USAGE = YES_ERROR;
				CLANG_WARN_EMPTY_BODY = YES;
				CLANG_WARN_ENUM_CONVERSION = YES;
				CLANG_WARN_INFINITE_RECURSION = YES;
				CLANG_WARN_INT_CONVERSION = YES;
				CLANG_WARN_OBJC_ROOT_CLASS = YES_ERROR;
				CLANG_WARN_SUSPICIOUS_MOVE = YES;
				CLANG_WARN_UNREACHABLE_CODE = YES;
				CLANG_WARN__DUPLICATE_METHOD_MATCH = YES;
				"CODE_SIGN_IDENTITY[sdk=iphoneos*]" = "iPhone Developer";
				COPY_PHASE_STRIP = NO;
				CURRENT_PROJECT_VERSION = 1;
				DEBUG_INFORMATION_FORMAT = dwarf;
				ENABLE_STRICT_OBJC_MSGSEND = YES;
				ENABLE_TESTABILITY = YES;
				GCC_C_LANGUAGE_STANDARD = gnu99;
				GCC_DYNAMIC_NO_PIC = NO;
				GCC_NO_COMMON_BLOCKS = YES;
				GCC_OPTIMIZATION_LEVEL = 0;
				GCC_PREPROCESSOR_DEFINITIONS = (
					"DEBUG=1",
					"$(inherited)",
				);
				GCC_WARN_64_TO_32_BIT_CONVERSION = YES;
				GCC_WARN_ABOUT_RETURN_TYPE = YES_ERROR;
				GCC_WARN_UNDECLARED_SELECTOR = YES;
				GCC_WARN_UNINITIALIZED_AUTOS = YES_AGGRESSIVE;
				GCC_WARN_UNUSED_FUNCTION = YES;
				GCC_WARN_UNUSED_VARIABLE = YES;
				IPHONEOS_DEPLOYMENT_TARGET = 10.0;
				MTL_ENABLE_DEBUG_INFO = YES;
				ONLY_ACTIVE_ARCH = YES;
				SDKROOT = iphoneos;
				SWIFT_OPTIMIZATION_LEVEL = "-Onone";
				TARGETED_DEVICE_FAMILY = "1,2";
				VERSIONING_SYSTEM = "apple-generic";
				VERSION_INFO_PREFIX = "";
			};
			name = Debug;
		};
		F86322B51C979B20001B53A0 /* Release */ = {
			isa = XCBuildConfiguration;
			buildSettings = {
				ALWAYS_SEARCH_USER_PATHS = NO;
				CLANG_CXX_LANGUAGE_STANDARD = "gnu++0x";
				CLANG_CXX_LIBRARY = "libc++";
				CLANG_ENABLE_MODULES = YES;
				CLANG_ENABLE_OBJC_ARC = YES;
				CLANG_WARN_BOOL_CONVERSION = YES;
				CLANG_WARN_CONSTANT_CONVERSION = YES;
				CLANG_WARN_DIRECT_OBJC_ISA_USAGE = YES_ERROR;
				CLANG_WARN_EMPTY_BODY = YES;
				CLANG_WARN_ENUM_CONVERSION = YES;
				CLANG_WARN_INFINITE_RECURSION = YES;
				CLANG_WARN_INT_CONVERSION = YES;
				CLANG_WARN_OBJC_ROOT_CLASS = YES_ERROR;
				CLANG_WARN_SUSPICIOUS_MOVE = YES;
				CLANG_WARN_UNREACHABLE_CODE = YES;
				CLANG_WARN__DUPLICATE_METHOD_MATCH = YES;
				"CODE_SIGN_IDENTITY[sdk=iphoneos*]" = "iPhone Developer";
				COPY_PHASE_STRIP = NO;
				CURRENT_PROJECT_VERSION = 1;
				DEBUG_INFORMATION_FORMAT = "dwarf-with-dsym";
				ENABLE_NS_ASSERTIONS = NO;
				ENABLE_STRICT_OBJC_MSGSEND = YES;
				GCC_C_LANGUAGE_STANDARD = gnu99;
				GCC_NO_COMMON_BLOCKS = YES;
				GCC_WARN_64_TO_32_BIT_CONVERSION = YES;
				GCC_WARN_ABOUT_RETURN_TYPE = YES_ERROR;
				GCC_WARN_UNDECLARED_SELECTOR = YES;
				GCC_WARN_UNINITIALIZED_AUTOS = YES_AGGRESSIVE;
				GCC_WARN_UNUSED_FUNCTION = YES;
				GCC_WARN_UNUSED_VARIABLE = YES;
				IPHONEOS_DEPLOYMENT_TARGET = 10.0;
				MTL_ENABLE_DEBUG_INFO = NO;
				SDKROOT = iphoneos;
				SWIFT_OPTIMIZATION_LEVEL = "-Owholemodule";
				TARGETED_DEVICE_FAMILY = "1,2";
				VALIDATE_PRODUCT = YES;
				VERSIONING_SYSTEM = "apple-generic";
				VERSION_INFO_PREFIX = "";
			};
			name = Release;
		};
		F86322B71C979B20001B53A0 /* Debug */ = {
			isa = XCBuildConfiguration;
			buildSettings = {
				CLANG_ENABLE_MODULES = YES;
				"CODE_SIGN_IDENTITY[sdk=iphoneos*]" = "";
				DEFINES_MODULE = YES;
				DEVELOPMENT_TEAM = 3RPD2RKGX8;
				DYLIB_COMPATIBILITY_VERSION = 1;
				DYLIB_CURRENT_VERSION = 1;
				DYLIB_INSTALL_NAME_BASE = "@rpath";
				INFOPLIST_FILE = SenStickSDK/Info.plist;
				INSTALL_PATH = "$(LOCAL_LIBRARY_DIR)/Frameworks";
				IPHONEOS_DEPLOYMENT_TARGET = 10.0;
				LD_RUNPATH_SEARCH_PATHS = "$(inherited) @executable_path/Frameworks @loader_path/Frameworks";
				PRODUCT_BUNDLE_IDENTIFIER = "com.wa-fu-u.SenStickSDK";
				PRODUCT_NAME = "$(TARGET_NAME)";
				SKIP_INSTALL = YES;
				SWIFT_OPTIMIZATION_LEVEL = "-Onone";
				SWIFT_VERSION = 3.0;
				TARGETED_DEVICE_FAMILY = 1;
			};
			name = Debug;
		};
		F86322B81C979B20001B53A0 /* Release */ = {
			isa = XCBuildConfiguration;
			buildSettings = {
				CLANG_ENABLE_MODULES = YES;
				"CODE_SIGN_IDENTITY[sdk=iphoneos*]" = "";
				DEFINES_MODULE = YES;
				DEVELOPMENT_TEAM = 3RPD2RKGX8;
				DYLIB_COMPATIBILITY_VERSION = 1;
				DYLIB_CURRENT_VERSION = 1;
				DYLIB_INSTALL_NAME_BASE = "@rpath";
				INFOPLIST_FILE = SenStickSDK/Info.plist;
				INSTALL_PATH = "$(LOCAL_LIBRARY_DIR)/Frameworks";
				IPHONEOS_DEPLOYMENT_TARGET = 10.0;
				LD_RUNPATH_SEARCH_PATHS = "$(inherited) @executable_path/Frameworks @loader_path/Frameworks";
				PRODUCT_BUNDLE_IDENTIFIER = "com.wa-fu-u.SenStickSDK";
				PRODUCT_NAME = "$(TARGET_NAME)";
				SKIP_INSTALL = YES;
				SWIFT_VERSION = 3.0;
				TARGETED_DEVICE_FAMILY = 1;
			};
			name = Release;
		};
/* End XCBuildConfiguration section */

/* Begin XCConfigurationList section */
		F86322A81C979B20001B53A0 /* Build configuration list for PBXProject "SenStickSDK" */ = {
			isa = XCConfigurationList;
			buildConfigurations = (
				F86322B41C979B20001B53A0 /* Debug */,
				F86322B51C979B20001B53A0 /* Release */,
			);
			defaultConfigurationIsVisible = 0;
			defaultConfigurationName = Release;
		};
		F86322B61C979B20001B53A0 /* Build configuration list for PBXNativeTarget "SenStickSDK" */ = {
			isa = XCConfigurationList;
			buildConfigurations = (
				F86322B71C979B20001B53A0 /* Debug */,
				F86322B81C979B20001B53A0 /* Release */,
			);
			defaultConfigurationIsVisible = 0;
			defaultConfigurationName = Release;
		};
/* End XCConfigurationList section */
	};
	rootObject = F86322A51C979B20001B53A0 /* Project object */;
}
